// !$*UTF8*$!
{
	archiveVersion = 1;
	classes = {
	};
	objectVersion = 51;
	objects = {

/* Begin PBXBuildFile section */
		467FA09ED7861BE32F074F46 /* Pods_Survey_Nimble.framework in Frameworks */ = {isa = PBXBuildFile; fileRef = 8A496DCA056E9788C60D890E /* Pods_Survey_Nimble.framework */; };
		8B392D35285DB449006042A7 /* UITextField+.swift in Sources */ = {isa = PBXBuildFile; fileRef = 8B392D34285DB449006042A7 /* UITextField+.swift */; };
		8B67D371285C8378006B7AB0 /* SplashViewController.swift in Sources */ = {isa = PBXBuildFile; fileRef = 8B67D370285C8378006B7AB0 /* SplashViewController.swift */; };
		8B67D373285C8409006B7AB0 /* UIViewController+.swift in Sources */ = {isa = PBXBuildFile; fileRef = 8B67D372285C8409006B7AB0 /* UIViewController+.swift */; };
		8B67D375285C8469006B7AB0 /* SplashViewModel.swift in Sources */ = {isa = PBXBuildFile; fileRef = 8B67D374285C8469006B7AB0 /* SplashViewModel.swift */; };
		8B67D377285C8A5B006B7AB0 /* ViewModelBased.swift in Sources */ = {isa = PBXBuildFile; fileRef = 8B67D376285C8A5B006B7AB0 /* ViewModelBased.swift */; };
		8B67D381285D2D77006B7AB0 /* SplashNavigator.swift in Sources */ = {isa = PBXBuildFile; fileRef = 8B67D380285D2D77006B7AB0 /* SplashNavigator.swift */; };
		8B67D383285D6618006B7AB0 /* LoginViewController.swift in Sources */ = {isa = PBXBuildFile; fileRef = 8B67D382285D6618006B7AB0 /* LoginViewController.swift */; };
		8B67D385285D6622006B7AB0 /* LoginViewModel.swift in Sources */ = {isa = PBXBuildFile; fileRef = 8B67D384285D6622006B7AB0 /* LoginViewModel.swift */; };
		8B67D387285D6632006B7AB0 /* LoginNavigator.swift in Sources */ = {isa = PBXBuildFile; fileRef = 8B67D386285D6632006B7AB0 /* LoginNavigator.swift */; };
		8B67D389285D6CCE006B7AB0 /* UIView+.swift in Sources */ = {isa = PBXBuildFile; fileRef = 8B67D388285D6CCE006B7AB0 /* UIView+.swift */; };
		8B67D390285D80B1006B7AB0 /* SNTextField.swift in Sources */ = {isa = PBXBuildFile; fileRef = 8B67D38F285D80B1006B7AB0 /* SNTextField.swift */; };
		8B67D392285D86C0006B7AB0 /* SNLabel.swift in Sources */ = {isa = PBXBuildFile; fileRef = 8B67D391285D86C0006B7AB0 /* SNLabel.swift */; };
		8B67D394285D86D4006B7AB0 /* SNButton.swift in Sources */ = {isa = PBXBuildFile; fileRef = 8B67D393285D86D4006B7AB0 /* SNButton.swift */; };
		8B67D396285D8C24006B7AB0 /* UIColor+.swift in Sources */ = {isa = PBXBuildFile; fileRef = 8B67D395285D8C24006B7AB0 /* UIColor+.swift */; };
		8B67D398285D8F2E006B7AB0 /* UIFont+.swift in Sources */ = {isa = PBXBuildFile; fileRef = 8B67D397285D8F2E006B7AB0 /* UIFont+.swift */; };
		8BB414E1285E215F00BC790F /* BaseViewController.swift in Sources */ = {isa = PBXBuildFile; fileRef = 8BB414E0285E215F00BC790F /* BaseViewController.swift */; };
		8BB414ED285F0B6000BC790F /* APIService.swift in Sources */ = {isa = PBXBuildFile; fileRef = 8BB414EC285F0B6000BC790F /* APIService.swift */; };
		8BB414EF285F0C6A00BC790F /* User.swift in Sources */ = {isa = PBXBuildFile; fileRef = 8BB414EE285F0C6A00BC790F /* User.swift */; };
		8BB414F1285F367000BC790F /* Reactive.swift in Sources */ = {isa = PBXBuildFile; fileRef = 8BB414F0285F367000BC790F /* Reactive.swift */; };
		8BB414F5285F41F400BC790F /* SNError.swift in Sources */ = {isa = PBXBuildFile; fileRef = 8BB414F4285F41F400BC790F /* SNError.swift */; };
		8BB414F7285F484A00BC790F /* BuildConfiguration.swift in Sources */ = {isa = PBXBuildFile; fileRef = 8BB414F6285F484A00BC790F /* BuildConfiguration.swift */; };
		8BB414F9285F495100BC790F /* String+.swift in Sources */ = {isa = PBXBuildFile; fileRef = 8BB414F8285F495100BC790F /* String+.swift */; };
		8BB414FB285F5AC100BC790F /* BaseRequest.swift in Sources */ = {isa = PBXBuildFile; fileRef = 8BB414FA285F5AC100BC790F /* BaseRequest.swift */; };
		8BB414FE285F692700BC790F /* RequestType.swift in Sources */ = {isa = PBXBuildFile; fileRef = 8BB414FD285F692700BC790F /* RequestType.swift */; };
		8BB41500285F753800BC790F /* LoginRequest.swift in Sources */ = {isa = PBXBuildFile; fileRef = 8BB414FF285F753800BC790F /* LoginRequest.swift */; };
		8BB41502285F7C5C00BC790F /* LoginRepository.swift in Sources */ = {isa = PBXBuildFile; fileRef = 8BB41501285F7C5C00BC790F /* LoginRepository.swift */; };
		8BB41506285F7DB300BC790F /* GrantType.swift in Sources */ = {isa = PBXBuildFile; fileRef = 8BB41505285F7DB300BC790F /* GrantType.swift */; };
		8BB41507285F9DE900BC790F /* Reactive.swift in Sources */ = {isa = PBXBuildFile; fileRef = 8BB414F0285F367000BC790F /* Reactive.swift */; };
		8BB41509285FA06700BC790F /* HomeViewController.swift in Sources */ = {isa = PBXBuildFile; fileRef = 8BB41508285FA06700BC790F /* HomeViewController.swift */; };
		8BB4150B285FA07800BC790F /* HomeViewModel.swift in Sources */ = {isa = PBXBuildFile; fileRef = 8BB4150A285FA07800BC790F /* HomeViewModel.swift */; };
		8BB4150D285FA0AB00BC790F /* HomeNavigator.swift in Sources */ = {isa = PBXBuildFile; fileRef = 8BB4150C285FA0AB00BC790F /* HomeNavigator.swift */; };
		8BB4150F28603E1D00BC790F /* ErrorResponse.swift in Sources */ = {isa = PBXBuildFile; fileRef = 8BB4150E28603E1D00BC790F /* ErrorResponse.swift */; };
		8BB4151128604FB200BC790F /* KeychainAccess.swift in Sources */ = {isa = PBXBuildFile; fileRef = 8BB4151028604FB200BC790F /* KeychainAccess.swift */; };
		8BB4151728605A0200BC790F /* LoginViewModelTests.swift in Sources */ = {isa = PBXBuildFile; fileRef = 8BB4151628605A0200BC790F /* LoginViewModelTests.swift */; };
		8BB4151928605ECF00BC790F /* LoginNavigatorMock.swift in Sources */ = {isa = PBXBuildFile; fileRef = 8BB4151828605ECF00BC790F /* LoginNavigatorMock.swift */; };
		8BB4151B28607A4400BC790F /* LoginRepositoryMock.swift in Sources */ = {isa = PBXBuildFile; fileRef = 8BB4151A28607A4400BC790F /* LoginRepositoryMock.swift */; };
		8BB4151D28608B8200BC790F /* TestError.swift in Sources */ = {isa = PBXBuildFile; fileRef = 8BB4151C28608B8200BC790F /* TestError.swift */; };
		8BB4152028609AED00BC790F /* SurveyCollectionViewCell.swift in Sources */ = {isa = PBXBuildFile; fileRef = 8BB4151F28609AED00BC790F /* SurveyCollectionViewCell.swift */; };
		8BB4152228609B9400BC790F /* Survey.swift in Sources */ = {isa = PBXBuildFile; fileRef = 8BB4152128609B9400BC790F /* Survey.swift */; };
		8BB415262860C33200BC790F /* SurveyRepository.swift in Sources */ = {isa = PBXBuildFile; fileRef = 8BB415252860C33200BC790F /* SurveyRepository.swift */; };
		8BB415282860C3C100BC790F /* SurveyRequest.swift in Sources */ = {isa = PBXBuildFile; fileRef = 8BB415272860C3C100BC790F /* SurveyRequest.swift */; };
		8BB4152D2860C85100BC790F /* DataResponse.swift in Sources */ = {isa = PBXBuildFile; fileRef = 8BB4152C2860C85100BC790F /* DataResponse.swift */; };
		8BB4152F2860D6F100BC790F /* EmptyCollectionViewCell.swift in Sources */ = {isa = PBXBuildFile; fileRef = 8BB4152E2860D6F100BC790F /* EmptyCollectionViewCell.swift */; };
		8BB415312860D99B00BC790F /* SNCoverImageView.swift in Sources */ = {isa = PBXBuildFile; fileRef = 8BB415302860D99B00BC790F /* SNCoverImageView.swift */; };
		8BB415332860DEDC00BC790F /* SNCircleButton.swift in Sources */ = {isa = PBXBuildFile; fileRef = 8BB415322860DEDC00BC790F /* SNCircleButton.swift */; };
		8BB415352860EA1300BC790F /* Meta.swift in Sources */ = {isa = PBXBuildFile; fileRef = 8BB415342860EA1300BC790F /* Meta.swift */; };
		8BB4153A2861B70C00BC790F /* Environment.swift in Sources */ = {isa = PBXBuildFile; fileRef = 8BB415392861B70C00BC790F /* Environment.swift */; };
		8BB4153E2861BB8100BC790F /* DetailSurveyViewController.swift in Sources */ = {isa = PBXBuildFile; fileRef = 8BB4153D2861BB8100BC790F /* DetailSurveyViewController.swift */; };
		8BB415402861BB8D00BC790F /* DetailSurveyViewModel.swift in Sources */ = {isa = PBXBuildFile; fileRef = 8BB4153F2861BB8D00BC790F /* DetailSurveyViewModel.swift */; };
		8BB415422861BB9D00BC790F /* DetailSurveyNavigator.swift in Sources */ = {isa = PBXBuildFile; fileRef = 8BB415412861BB9D00BC790F /* DetailSurveyNavigator.swift */; };
		8BB415442861FB0D00BC790F /* Date+.swift in Sources */ = {isa = PBXBuildFile; fileRef = 8BB415432861FB0D00BC790F /* Date+.swift */; };
		8BB4154628620CEE00BC790F /* HomeViewModelTests.swift in Sources */ = {isa = PBXBuildFile; fileRef = 8BB4154528620CEE00BC790F /* HomeViewModelTests.swift */; };
		8BB4154828620CFD00BC790F /* HomeNavigatorMock.swift in Sources */ = {isa = PBXBuildFile; fileRef = 8BB4154728620CFD00BC790F /* HomeNavigatorMock.swift */; };
		8BB4154A28620D0900BC790F /* HomeRepositoryMock.swift in Sources */ = {isa = PBXBuildFile; fileRef = 8BB4154928620D0900BC790F /* HomeRepositoryMock.swift */; };
		8BB4154D2862169300BC790F /* DetailSurveyViewModelTests.swift in Sources */ = {isa = PBXBuildFile; fileRef = 8BB4154C2862169300BC790F /* DetailSurveyViewModelTests.swift */; };
		8BB4154E2862185C00BC790F /* Environment.swift in Sources */ = {isa = PBXBuildFile; fileRef = 8BB415392861B70C00BC790F /* Environment.swift */; };
		8BB4155028621A1300BC790F /* DetailSurveyNavigatorMock.swift in Sources */ = {isa = PBXBuildFile; fileRef = 8BB4154F28621A1300BC790F /* DetailSurveyNavigatorMock.swift */; };
		8BB415522862277000BC790F /* ForgotPasswordViewController.swift in Sources */ = {isa = PBXBuildFile; fileRef = 8BB415512862277000BC790F /* ForgotPasswordViewController.swift */; };
		8BB415542862277D00BC790F /* ForgotPasswordViewModel.swift in Sources */ = {isa = PBXBuildFile; fileRef = 8BB415532862277D00BC790F /* ForgotPasswordViewModel.swift */; };
		8BB415562862278A00BC790F /* ForgotPasswordNavigator.swift in Sources */ = {isa = PBXBuildFile; fileRef = 8BB415552862278A00BC790F /* ForgotPasswordNavigator.swift */; };
		8BB4155828622BB300BC790F /* ForgotPasswordRepository.swift in Sources */ = {isa = PBXBuildFile; fileRef = 8BB4155728622BB300BC790F /* ForgotPasswordRepository.swift */; };
		8BB4155A28622C2300BC790F /* ForgotPasswordRequest.swift in Sources */ = {isa = PBXBuildFile; fileRef = 8BB4155928622C2300BC790F /* ForgotPasswordRequest.swift */; };
		8BB4155C2862310D00BC790F /* NoReply.swift in Sources */ = {isa = PBXBuildFile; fileRef = 8BB4155B2862310D00BC790F /* NoReply.swift */; };
		8BB4155E2862F70200BC790F /* SNPopUpView.swift in Sources */ = {isa = PBXBuildFile; fileRef = 8BB4155D2862F70200BC790F /* SNPopUpView.swift */; };
		8BB41561286307C500BC790F /* ForgotPasswordViewModelTests.swift in Sources */ = {isa = PBXBuildFile; fileRef = 8BB41560286307C500BC790F /* ForgotPasswordViewModelTests.swift */; };
		8BB41563286307CF00BC790F /* ForgotPasswordNavigatorMock.swift in Sources */ = {isa = PBXBuildFile; fileRef = 8BB41562286307CF00BC790F /* ForgotPasswordNavigatorMock.swift */; };
		8BB41565286307E600BC790F /* ForgotPasswordRepository.swift in Sources */ = {isa = PBXBuildFile; fileRef = 8BB41564286307E600BC790F /* ForgotPasswordRepository.swift */; };
		8BBA5BC928647CE1004888E9 /* RefreshTokenRequest.swift in Sources */ = {isa = PBXBuildFile; fileRef = 8BBA5BC828647CE1004888E9 /* RefreshTokenRequest.swift */; };
		8BBA5BCC2864A18B004888E9 /* SplashViewModelTests.swift in Sources */ = {isa = PBXBuildFile; fileRef = 8BBA5BCB2864A18B004888E9 /* SplashViewModelTests.swift */; };
		8BBA5BCE2864A23C004888E9 /* SplashNavigatorMock.swift in Sources */ = {isa = PBXBuildFile; fileRef = 8BBA5BCD2864A23C004888E9 /* SplashNavigatorMock.swift */; };
		8BBA5BD12864BFB7004888E9 /* Configuration.swift in Sources */ = {isa = PBXBuildFile; fileRef = 8BBA5BD02864BFB7004888E9 /* Configuration.swift */; };
		8BBA5BD22865A7C6004888E9 /* Configuration.swift in Sources */ = {isa = PBXBuildFile; fileRef = 8BBA5BD02864BFB7004888E9 /* Configuration.swift */; };
		8BFAD36A285C4BB6005FCC06 /* AppDelegate.swift in Sources */ = {isa = PBXBuildFile; fileRef = 8BFAD369285C4BB6005FCC06 /* AppDelegate.swift */; };
		8BFAD373285C4BB9005FCC06 /* Assets.xcassets in Resources */ = {isa = PBXBuildFile; fileRef = 8BFAD372285C4BB9005FCC06 /* Assets.xcassets */; };
		8BFAD376285C4BB9005FCC06 /* LaunchScreen.storyboard in Resources */ = {isa = PBXBuildFile; fileRef = 8BFAD374285C4BB9005FCC06 /* LaunchScreen.storyboard */; };
		8BFAD3AC285C65AB005FCC06 /* NeuzeitSLTStd-BookHeavy.otf in Resources */ = {isa = PBXBuildFile; fileRef = 8BFAD3A9285C65AB005FCC06 /* NeuzeitSLTStd-BookHeavy.otf */; };
		8BFAD3AE285C65AB005FCC06 /* NeuzeitSLTStd-Book.otf in Resources */ = {isa = PBXBuildFile; fileRef = 8BFAD3AA285C65AB005FCC06 /* NeuzeitSLTStd-Book.otf */; };
		8BFAD3AF285C663E005FCC06 /* NeuzeitSLTStd-Book.otf in Resources */ = {isa = PBXBuildFile; fileRef = 8BFAD3AA285C65AB005FCC06 /* NeuzeitSLTStd-Book.otf */; };
		8BFAD3B0285C663E005FCC06 /* NeuzeitSLTStd-BookHeavy.otf in Resources */ = {isa = PBXBuildFile; fileRef = 8BFAD3A9285C65AB005FCC06 /* NeuzeitSLTStd-BookHeavy.otf */; };
		8BFAD3B5285C693C005FCC06 /* Constants.swift in Sources */ = {isa = PBXBuildFile; fileRef = 8BFAD3B4285C693C005FCC06 /* Constants.swift */; };
		8BFAD3B6285C693C005FCC06 /* Constants.swift in Sources */ = {isa = PBXBuildFile; fileRef = 8BFAD3B4285C693C005FCC06 /* Constants.swift */; };
		8BFAD3B8285C6A14005FCC06 /* ViewModelType.swift in Sources */ = {isa = PBXBuildFile; fileRef = 8BFAD3B7285C6A14005FCC06 /* ViewModelType.swift */; };
		8BFAD3B9285C6A14005FCC06 /* ViewModelType.swift in Sources */ = {isa = PBXBuildFile; fileRef = 8BFAD3B7285C6A14005FCC06 /* ViewModelType.swift */; };
		8BFAD3BC285C6A8E005FCC06 /* ErrorTracker.swift in Sources */ = {isa = PBXBuildFile; fileRef = 8BFAD3BB285C6A8E005FCC06 /* ErrorTracker.swift */; };
		8BFAD3BD285C6A8E005FCC06 /* ErrorTracker.swift in Sources */ = {isa = PBXBuildFile; fileRef = 8BFAD3BB285C6A8E005FCC06 /* ErrorTracker.swift */; };
		8BFAD3BF285C6A9F005FCC06 /* ActivityIndicator.swift in Sources */ = {isa = PBXBuildFile; fileRef = 8BFAD3BE285C6A9F005FCC06 /* ActivityIndicator.swift */; };
		8BFAD3C0285C6A9F005FCC06 /* ActivityIndicator.swift in Sources */ = {isa = PBXBuildFile; fileRef = 8BFAD3BE285C6A9F005FCC06 /* ActivityIndicator.swift */; };
		8BFAD3C2285C6DF2005FCC06 /* ObservableType+.swift in Sources */ = {isa = PBXBuildFile; fileRef = 8BFAD3C1285C6DF2005FCC06 /* ObservableType+.swift */; };
		8BFAD3C3285C6DF2005FCC06 /* ObservableType+.swift in Sources */ = {isa = PBXBuildFile; fileRef = 8BFAD3C1285C6DF2005FCC06 /* ObservableType+.swift */; };
		C1BFD0D684453023E1A5B6E2 /* Pods_Survey_NimbleTests.framework in Frameworks */ = {isa = PBXBuildFile; fileRef = 636D045FFB3B4A7C0D839EAB /* Pods_Survey_NimbleTests.framework */; };
/* End PBXBuildFile section */

/* Begin PBXContainerItemProxy section */
		8BFAD37D285C4BB9005FCC06 /* PBXContainerItemProxy */ = {
			isa = PBXContainerItemProxy;
			containerPortal = 8BFAD35E285C4BB6005FCC06 /* Project object */;
			proxyType = 1;
			remoteGlobalIDString = 8BFAD365285C4BB6005FCC06;
			remoteInfo = "Survey-Nimble";
		};
/* End PBXContainerItemProxy section */

/* Begin PBXFileReference section */
		2B46EDBFF6E0EABEC40B3CA4 /* Pods_Survey_Nimble_Survey_NimbleUITests.framework */ = {isa = PBXFileReference; explicitFileType = wrapper.framework; includeInIndex = 0; path = Pods_Survey_Nimble_Survey_NimbleUITests.framework; sourceTree = BUILT_PRODUCTS_DIR; };
		42657B54F9CE98CCFEEBF481 /* Pods-Survey-NimbleTests.debug stg.xcconfig */ = {isa = PBXFileReference; includeInIndex = 1; lastKnownFileType = text.xcconfig; name = "Pods-Survey-NimbleTests.debug stg.xcconfig"; path = "Target Support Files/Pods-Survey-NimbleTests/Pods-Survey-NimbleTests.debug stg.xcconfig"; sourceTree = "<group>"; };
		5A8FC67F2B5561A1F6B9B938 /* Pods-Survey-NimbleTests.release.xcconfig */ = {isa = PBXFileReference; includeInIndex = 1; lastKnownFileType = text.xcconfig; name = "Pods-Survey-NimbleTests.release.xcconfig"; path = "Target Support Files/Pods-Survey-NimbleTests/Pods-Survey-NimbleTests.release.xcconfig"; sourceTree = "<group>"; };
		6157986F9FCED7F620779530 /* Pods-Survey-Nimble.release.xcconfig */ = {isa = PBXFileReference; includeInIndex = 1; lastKnownFileType = text.xcconfig; name = "Pods-Survey-Nimble.release.xcconfig"; path = "Target Support Files/Pods-Survey-Nimble/Pods-Survey-Nimble.release.xcconfig"; sourceTree = "<group>"; };
		636D045FFB3B4A7C0D839EAB /* Pods_Survey_NimbleTests.framework */ = {isa = PBXFileReference; explicitFileType = wrapper.framework; includeInIndex = 0; path = Pods_Survey_NimbleTests.framework; sourceTree = BUILT_PRODUCTS_DIR; };
		87A9E430AF19C44979D3E287 /* Pods-Survey-Nimble.debug.xcconfig */ = {isa = PBXFileReference; includeInIndex = 1; lastKnownFileType = text.xcconfig; name = "Pods-Survey-Nimble.debug.xcconfig"; path = "Target Support Files/Pods-Survey-Nimble/Pods-Survey-Nimble.debug.xcconfig"; sourceTree = "<group>"; };
		8A496DCA056E9788C60D890E /* Pods_Survey_Nimble.framework */ = {isa = PBXFileReference; explicitFileType = wrapper.framework; includeInIndex = 0; path = Pods_Survey_Nimble.framework; sourceTree = BUILT_PRODUCTS_DIR; };
		8B20C9F52868337500E3729C /* Secret.xcconfig */ = {isa = PBXFileReference; lastKnownFileType = text.xcconfig; path = Secret.xcconfig; sourceTree = "<group>"; };
		8B392D34285DB449006042A7 /* UITextField+.swift */ = {isa = PBXFileReference; lastKnownFileType = sourcecode.swift; path = "UITextField+.swift"; sourceTree = "<group>"; };
		8B67D370285C8378006B7AB0 /* SplashViewController.swift */ = {isa = PBXFileReference; lastKnownFileType = sourcecode.swift; path = SplashViewController.swift; sourceTree = "<group>"; };
		8B67D372285C8409006B7AB0 /* UIViewController+.swift */ = {isa = PBXFileReference; lastKnownFileType = sourcecode.swift; path = "UIViewController+.swift"; sourceTree = "<group>"; };
		8B67D374285C8469006B7AB0 /* SplashViewModel.swift */ = {isa = PBXFileReference; lastKnownFileType = sourcecode.swift; path = SplashViewModel.swift; sourceTree = "<group>"; };
		8B67D376285C8A5B006B7AB0 /* ViewModelBased.swift */ = {isa = PBXFileReference; lastKnownFileType = sourcecode.swift; path = ViewModelBased.swift; sourceTree = "<group>"; };
		8B67D380285D2D77006B7AB0 /* SplashNavigator.swift */ = {isa = PBXFileReference; lastKnownFileType = sourcecode.swift; path = SplashNavigator.swift; sourceTree = "<group>"; };
		8B67D382285D6618006B7AB0 /* LoginViewController.swift */ = {isa = PBXFileReference; lastKnownFileType = sourcecode.swift; path = LoginViewController.swift; sourceTree = "<group>"; };
		8B67D384285D6622006B7AB0 /* LoginViewModel.swift */ = {isa = PBXFileReference; lastKnownFileType = sourcecode.swift; path = LoginViewModel.swift; sourceTree = "<group>"; };
		8B67D386285D6632006B7AB0 /* LoginNavigator.swift */ = {isa = PBXFileReference; lastKnownFileType = sourcecode.swift; path = LoginNavigator.swift; sourceTree = "<group>"; };
		8B67D388285D6CCE006B7AB0 /* UIView+.swift */ = {isa = PBXFileReference; lastKnownFileType = sourcecode.swift; path = "UIView+.swift"; sourceTree = "<group>"; };
		8B67D38F285D80B1006B7AB0 /* SNTextField.swift */ = {isa = PBXFileReference; lastKnownFileType = sourcecode.swift; path = SNTextField.swift; sourceTree = "<group>"; };
		8B67D391285D86C0006B7AB0 /* SNLabel.swift */ = {isa = PBXFileReference; lastKnownFileType = sourcecode.swift; path = SNLabel.swift; sourceTree = "<group>"; };
		8B67D393285D86D4006B7AB0 /* SNButton.swift */ = {isa = PBXFileReference; lastKnownFileType = sourcecode.swift; path = SNButton.swift; sourceTree = "<group>"; };
		8B67D395285D8C24006B7AB0 /* UIColor+.swift */ = {isa = PBXFileReference; lastKnownFileType = sourcecode.swift; path = "UIColor+.swift"; sourceTree = "<group>"; };
		8B67D397285D8F2E006B7AB0 /* UIFont+.swift */ = {isa = PBXFileReference; lastKnownFileType = sourcecode.swift; path = "UIFont+.swift"; sourceTree = "<group>"; };
		8BB414E0285E215F00BC790F /* BaseViewController.swift */ = {isa = PBXFileReference; lastKnownFileType = sourcecode.swift; path = BaseViewController.swift; sourceTree = "<group>"; };
		8BB414EC285F0B6000BC790F /* APIService.swift */ = {isa = PBXFileReference; lastKnownFileType = sourcecode.swift; path = APIService.swift; sourceTree = "<group>"; };
		8BB414EE285F0C6A00BC790F /* User.swift */ = {isa = PBXFileReference; lastKnownFileType = sourcecode.swift; path = User.swift; sourceTree = "<group>"; };
		8BB414F0285F367000BC790F /* Reactive.swift */ = {isa = PBXFileReference; lastKnownFileType = sourcecode.swift; path = Reactive.swift; sourceTree = "<group>"; };
		8BB414F4285F41F400BC790F /* SNError.swift */ = {isa = PBXFileReference; lastKnownFileType = sourcecode.swift; path = SNError.swift; sourceTree = "<group>"; };
		8BB414F6285F484A00BC790F /* BuildConfiguration.swift */ = {isa = PBXFileReference; lastKnownFileType = sourcecode.swift; path = BuildConfiguration.swift; sourceTree = "<group>"; };
		8BB414F8285F495100BC790F /* String+.swift */ = {isa = PBXFileReference; lastKnownFileType = sourcecode.swift; path = "String+.swift"; sourceTree = "<group>"; };
		8BB414FA285F5AC100BC790F /* BaseRequest.swift */ = {isa = PBXFileReference; lastKnownFileType = sourcecode.swift; path = BaseRequest.swift; sourceTree = "<group>"; };
		8BB414FD285F692700BC790F /* RequestType.swift */ = {isa = PBXFileReference; lastKnownFileType = sourcecode.swift; path = RequestType.swift; sourceTree = "<group>"; };
		8BB414FF285F753800BC790F /* LoginRequest.swift */ = {isa = PBXFileReference; lastKnownFileType = sourcecode.swift; path = LoginRequest.swift; sourceTree = "<group>"; };
		8BB41501285F7C5C00BC790F /* LoginRepository.swift */ = {isa = PBXFileReference; lastKnownFileType = sourcecode.swift; path = LoginRepository.swift; sourceTree = "<group>"; };
		8BB41505285F7DB300BC790F /* GrantType.swift */ = {isa = PBXFileReference; lastKnownFileType = sourcecode.swift; path = GrantType.swift; sourceTree = "<group>"; };
		8BB41508285FA06700BC790F /* HomeViewController.swift */ = {isa = PBXFileReference; lastKnownFileType = sourcecode.swift; path = HomeViewController.swift; sourceTree = "<group>"; };
		8BB4150A285FA07800BC790F /* HomeViewModel.swift */ = {isa = PBXFileReference; lastKnownFileType = sourcecode.swift; path = HomeViewModel.swift; sourceTree = "<group>"; };
		8BB4150C285FA0AB00BC790F /* HomeNavigator.swift */ = {isa = PBXFileReference; lastKnownFileType = sourcecode.swift; path = HomeNavigator.swift; sourceTree = "<group>"; };
		8BB4150E28603E1D00BC790F /* ErrorResponse.swift */ = {isa = PBXFileReference; lastKnownFileType = sourcecode.swift; path = ErrorResponse.swift; sourceTree = "<group>"; };
		8BB4151028604FB200BC790F /* KeychainAccess.swift */ = {isa = PBXFileReference; lastKnownFileType = sourcecode.swift; path = KeychainAccess.swift; sourceTree = "<group>"; };
		8BB4151628605A0200BC790F /* LoginViewModelTests.swift */ = {isa = PBXFileReference; lastKnownFileType = sourcecode.swift; path = LoginViewModelTests.swift; sourceTree = "<group>"; };
		8BB4151828605ECF00BC790F /* LoginNavigatorMock.swift */ = {isa = PBXFileReference; lastKnownFileType = sourcecode.swift; path = LoginNavigatorMock.swift; sourceTree = "<group>"; };
		8BB4151A28607A4400BC790F /* LoginRepositoryMock.swift */ = {isa = PBXFileReference; lastKnownFileType = sourcecode.swift; path = LoginRepositoryMock.swift; sourceTree = "<group>"; };
		8BB4151C28608B8200BC790F /* TestError.swift */ = {isa = PBXFileReference; lastKnownFileType = sourcecode.swift; path = TestError.swift; sourceTree = "<group>"; };
		8BB4151F28609AED00BC790F /* SurveyCollectionViewCell.swift */ = {isa = PBXFileReference; lastKnownFileType = sourcecode.swift; path = SurveyCollectionViewCell.swift; sourceTree = "<group>"; };
		8BB4152128609B9400BC790F /* Survey.swift */ = {isa = PBXFileReference; lastKnownFileType = sourcecode.swift; path = Survey.swift; sourceTree = "<group>"; };
		8BB415252860C33200BC790F /* SurveyRepository.swift */ = {isa = PBXFileReference; lastKnownFileType = sourcecode.swift; path = SurveyRepository.swift; sourceTree = "<group>"; };
		8BB415272860C3C100BC790F /* SurveyRequest.swift */ = {isa = PBXFileReference; lastKnownFileType = sourcecode.swift; path = SurveyRequest.swift; sourceTree = "<group>"; };
		8BB4152C2860C85100BC790F /* DataResponse.swift */ = {isa = PBXFileReference; lastKnownFileType = sourcecode.swift; path = DataResponse.swift; sourceTree = "<group>"; };
		8BB4152E2860D6F100BC790F /* EmptyCollectionViewCell.swift */ = {isa = PBXFileReference; lastKnownFileType = sourcecode.swift; path = EmptyCollectionViewCell.swift; sourceTree = "<group>"; };
		8BB415302860D99B00BC790F /* SNCoverImageView.swift */ = {isa = PBXFileReference; lastKnownFileType = sourcecode.swift; path = SNCoverImageView.swift; sourceTree = "<group>"; };
		8BB415322860DEDC00BC790F /* SNCircleButton.swift */ = {isa = PBXFileReference; lastKnownFileType = sourcecode.swift; path = SNCircleButton.swift; sourceTree = "<group>"; };
		8BB415342860EA1300BC790F /* Meta.swift */ = {isa = PBXFileReference; lastKnownFileType = sourcecode.swift; path = Meta.swift; sourceTree = "<group>"; };
		8BB415392861B70C00BC790F /* Environment.swift */ = {isa = PBXFileReference; lastKnownFileType = sourcecode.swift; path = Environment.swift; sourceTree = "<group>"; };
		8BB4153D2861BB8100BC790F /* DetailSurveyViewController.swift */ = {isa = PBXFileReference; lastKnownFileType = sourcecode.swift; path = DetailSurveyViewController.swift; sourceTree = "<group>"; };
		8BB4153F2861BB8D00BC790F /* DetailSurveyViewModel.swift */ = {isa = PBXFileReference; lastKnownFileType = sourcecode.swift; path = DetailSurveyViewModel.swift; sourceTree = "<group>"; };
		8BB415412861BB9D00BC790F /* DetailSurveyNavigator.swift */ = {isa = PBXFileReference; lastKnownFileType = sourcecode.swift; path = DetailSurveyNavigator.swift; sourceTree = "<group>"; };
		8BB415432861FB0D00BC790F /* Date+.swift */ = {isa = PBXFileReference; lastKnownFileType = sourcecode.swift; path = "Date+.swift"; sourceTree = "<group>"; };
		8BB4154528620CEE00BC790F /* HomeViewModelTests.swift */ = {isa = PBXFileReference; lastKnownFileType = sourcecode.swift; path = HomeViewModelTests.swift; sourceTree = "<group>"; };
		8BB4154728620CFD00BC790F /* HomeNavigatorMock.swift */ = {isa = PBXFileReference; lastKnownFileType = sourcecode.swift; path = HomeNavigatorMock.swift; sourceTree = "<group>"; };
		8BB4154928620D0900BC790F /* HomeRepositoryMock.swift */ = {isa = PBXFileReference; lastKnownFileType = sourcecode.swift; path = HomeRepositoryMock.swift; sourceTree = "<group>"; };
		8BB4154C2862169300BC790F /* DetailSurveyViewModelTests.swift */ = {isa = PBXFileReference; lastKnownFileType = sourcecode.swift; path = DetailSurveyViewModelTests.swift; sourceTree = "<group>"; };
		8BB4154F28621A1300BC790F /* DetailSurveyNavigatorMock.swift */ = {isa = PBXFileReference; lastKnownFileType = sourcecode.swift; path = DetailSurveyNavigatorMock.swift; sourceTree = "<group>"; };
		8BB415512862277000BC790F /* ForgotPasswordViewController.swift */ = {isa = PBXFileReference; lastKnownFileType = sourcecode.swift; path = ForgotPasswordViewController.swift; sourceTree = "<group>"; };
		8BB415532862277D00BC790F /* ForgotPasswordViewModel.swift */ = {isa = PBXFileReference; lastKnownFileType = sourcecode.swift; path = ForgotPasswordViewModel.swift; sourceTree = "<group>"; };
		8BB415552862278A00BC790F /* ForgotPasswordNavigator.swift */ = {isa = PBXFileReference; lastKnownFileType = sourcecode.swift; path = ForgotPasswordNavigator.swift; sourceTree = "<group>"; };
		8BB4155728622BB300BC790F /* ForgotPasswordRepository.swift */ = {isa = PBXFileReference; lastKnownFileType = sourcecode.swift; path = ForgotPasswordRepository.swift; sourceTree = "<group>"; };
		8BB4155928622C2300BC790F /* ForgotPasswordRequest.swift */ = {isa = PBXFileReference; lastKnownFileType = sourcecode.swift; path = ForgotPasswordRequest.swift; sourceTree = "<group>"; };
		8BB4155B2862310D00BC790F /* NoReply.swift */ = {isa = PBXFileReference; lastKnownFileType = sourcecode.swift; path = NoReply.swift; sourceTree = "<group>"; };
		8BB4155D2862F70200BC790F /* SNPopUpView.swift */ = {isa = PBXFileReference; lastKnownFileType = sourcecode.swift; path = SNPopUpView.swift; sourceTree = "<group>"; };
		8BB41560286307C500BC790F /* ForgotPasswordViewModelTests.swift */ = {isa = PBXFileReference; lastKnownFileType = sourcecode.swift; path = ForgotPasswordViewModelTests.swift; sourceTree = "<group>"; };
		8BB41562286307CF00BC790F /* ForgotPasswordNavigatorMock.swift */ = {isa = PBXFileReference; lastKnownFileType = sourcecode.swift; path = ForgotPasswordNavigatorMock.swift; sourceTree = "<group>"; };
		8BB41564286307E600BC790F /* ForgotPasswordRepository.swift */ = {isa = PBXFileReference; lastKnownFileType = sourcecode.swift; path = ForgotPasswordRepository.swift; sourceTree = "<group>"; };
		8BBA5BC828647CE1004888E9 /* RefreshTokenRequest.swift */ = {isa = PBXFileReference; lastKnownFileType = sourcecode.swift; path = RefreshTokenRequest.swift; sourceTree = "<group>"; };
		8BBA5BCB2864A18B004888E9 /* SplashViewModelTests.swift */ = {isa = PBXFileReference; lastKnownFileType = sourcecode.swift; path = SplashViewModelTests.swift; sourceTree = "<group>"; };
		8BBA5BCD2864A23C004888E9 /* SplashNavigatorMock.swift */ = {isa = PBXFileReference; lastKnownFileType = sourcecode.swift; path = SplashNavigatorMock.swift; sourceTree = "<group>"; };
		8BBA5BD02864BFB7004888E9 /* Configuration.swift */ = {isa = PBXFileReference; lastKnownFileType = sourcecode.swift; path = Configuration.swift; sourceTree = "<group>"; };
		8BFAD366285C4BB6005FCC06 /* Survey-Nimble.app */ = {isa = PBXFileReference; explicitFileType = wrapper.application; includeInIndex = 0; path = "Survey-Nimble.app"; sourceTree = BUILT_PRODUCTS_DIR; };
		8BFAD369285C4BB6005FCC06 /* AppDelegate.swift */ = {isa = PBXFileReference; lastKnownFileType = sourcecode.swift; path = AppDelegate.swift; sourceTree = "<group>"; };
		8BFAD372285C4BB9005FCC06 /* Assets.xcassets */ = {isa = PBXFileReference; lastKnownFileType = folder.assetcatalog; path = Assets.xcassets; sourceTree = "<group>"; };
		8BFAD375285C4BB9005FCC06 /* Base */ = {isa = PBXFileReference; lastKnownFileType = file.storyboard; name = Base; path = Base.lproj/LaunchScreen.storyboard; sourceTree = "<group>"; };
		8BFAD377285C4BB9005FCC06 /* Info.plist */ = {isa = PBXFileReference; lastKnownFileType = text.plist.xml; path = Info.plist; sourceTree = "<group>"; };
		8BFAD37C285C4BB9005FCC06 /* Survey-NimbleTests.xctest */ = {isa = PBXFileReference; explicitFileType = wrapper.cfbundle; includeInIndex = 0; path = "Survey-NimbleTests.xctest"; sourceTree = BUILT_PRODUCTS_DIR; };
		8BFAD382285C4BB9005FCC06 /* Info.plist */ = {isa = PBXFileReference; lastKnownFileType = text.plist.xml; path = Info.plist; sourceTree = "<group>"; };
		8BFAD3A9285C65AB005FCC06 /* NeuzeitSLTStd-BookHeavy.otf */ = {isa = PBXFileReference; lastKnownFileType = file; path = "NeuzeitSLTStd-BookHeavy.otf"; sourceTree = "<group>"; };
		8BFAD3AA285C65AB005FCC06 /* NeuzeitSLTStd-Book.otf */ = {isa = PBXFileReference; lastKnownFileType = file; path = "NeuzeitSLTStd-Book.otf"; sourceTree = "<group>"; };
		8BFAD3B4285C693C005FCC06 /* Constants.swift */ = {isa = PBXFileReference; lastKnownFileType = sourcecode.swift; path = Constants.swift; sourceTree = "<group>"; };
		8BFAD3B7285C6A14005FCC06 /* ViewModelType.swift */ = {isa = PBXFileReference; lastKnownFileType = sourcecode.swift; path = ViewModelType.swift; sourceTree = "<group>"; };
		8BFAD3BB285C6A8E005FCC06 /* ErrorTracker.swift */ = {isa = PBXFileReference; lastKnownFileType = sourcecode.swift; path = ErrorTracker.swift; sourceTree = "<group>"; };
		8BFAD3BE285C6A9F005FCC06 /* ActivityIndicator.swift */ = {isa = PBXFileReference; lastKnownFileType = sourcecode.swift; path = ActivityIndicator.swift; sourceTree = "<group>"; };
		8BFAD3C1285C6DF2005FCC06 /* ObservableType+.swift */ = {isa = PBXFileReference; lastKnownFileType = sourcecode.swift; path = "ObservableType+.swift"; sourceTree = "<group>"; };
		B826CB9A99498FBBE296675A /* Pods-Survey-NimbleTests.debug.xcconfig */ = {isa = PBXFileReference; includeInIndex = 1; lastKnownFileType = text.xcconfig; name = "Pods-Survey-NimbleTests.debug.xcconfig"; path = "Target Support Files/Pods-Survey-NimbleTests/Pods-Survey-NimbleTests.debug.xcconfig"; sourceTree = "<group>"; };
		CA2A53605B93745E179E5A39 /* Pods-Survey-Nimble.debug stg.xcconfig */ = {isa = PBXFileReference; includeInIndex = 1; lastKnownFileType = text.xcconfig; name = "Pods-Survey-Nimble.debug stg.xcconfig"; path = "Target Support Files/Pods-Survey-Nimble/Pods-Survey-Nimble.debug stg.xcconfig"; sourceTree = "<group>"; };
		E46ADAF5A23B19C76E14562A /* Pods-Survey-NimbleTests.release stg.xcconfig */ = {isa = PBXFileReference; includeInIndex = 1; lastKnownFileType = text.xcconfig; name = "Pods-Survey-NimbleTests.release stg.xcconfig"; path = "Target Support Files/Pods-Survey-NimbleTests/Pods-Survey-NimbleTests.release stg.xcconfig"; sourceTree = "<group>"; };
		F7D7ED3832B5BF82E24F6FF3 /* Pods-Survey-Nimble.release stg.xcconfig */ = {isa = PBXFileReference; includeInIndex = 1; lastKnownFileType = text.xcconfig; name = "Pods-Survey-Nimble.release stg.xcconfig"; path = "Target Support Files/Pods-Survey-Nimble/Pods-Survey-Nimble.release stg.xcconfig"; sourceTree = "<group>"; };
/* End PBXFileReference section */

/* Begin PBXFrameworksBuildPhase section */
		8BFAD363285C4BB6005FCC06 /* Frameworks */ = {
			isa = PBXFrameworksBuildPhase;
			buildActionMask = 2147483647;
			files = (
				467FA09ED7861BE32F074F46 /* Pods_Survey_Nimble.framework in Frameworks */,
			);
			runOnlyForDeploymentPostprocessing = 0;
		};
		8BFAD379285C4BB9005FCC06 /* Frameworks */ = {
			isa = PBXFrameworksBuildPhase;
			buildActionMask = 2147483647;
			files = (
				C1BFD0D684453023E1A5B6E2 /* Pods_Survey_NimbleTests.framework in Frameworks */,
			);
			runOnlyForDeploymentPostprocessing = 0;
		};
/* End PBXFrameworksBuildPhase section */

/* Begin PBXGroup section */
		0695CB88DBEB780FC7C32E3D /* Pods */ = {
			isa = PBXGroup;
			children = (
				87A9E430AF19C44979D3E287 /* Pods-Survey-Nimble.debug.xcconfig */,
				6157986F9FCED7F620779530 /* Pods-Survey-Nimble.release.xcconfig */,
				B826CB9A99498FBBE296675A /* Pods-Survey-NimbleTests.debug.xcconfig */,
				5A8FC67F2B5561A1F6B9B938 /* Pods-Survey-NimbleTests.release.xcconfig */,
				CA2A53605B93745E179E5A39 /* Pods-Survey-Nimble.debug stg.xcconfig */,
				F7D7ED3832B5BF82E24F6FF3 /* Pods-Survey-Nimble.release stg.xcconfig */,
				42657B54F9CE98CCFEEBF481 /* Pods-Survey-NimbleTests.debug stg.xcconfig */,
				E46ADAF5A23B19C76E14562A /* Pods-Survey-NimbleTests.release stg.xcconfig */,
			);
			path = Pods;
			sourceTree = "<group>";
		};
		8AFF360F0F7D7D869732B7B1 /* Frameworks */ = {
			isa = PBXGroup;
			children = (
				8A496DCA056E9788C60D890E /* Pods_Survey_Nimble.framework */,
				2B46EDBFF6E0EABEC40B3CA4 /* Pods_Survey_Nimble_Survey_NimbleUITests.framework */,
				636D045FFB3B4A7C0D839EAB /* Pods_Survey_NimbleTests.framework */,
			);
			name = Frameworks;
			sourceTree = "<group>";
		};
		8B67D38E285D8058006B7AB0 /* CustomViews */ = {
			isa = PBXGroup;
			children = (
				8B67D38F285D80B1006B7AB0 /* SNTextField.swift */,
				8B67D391285D86C0006B7AB0 /* SNLabel.swift */,
				8B67D393285D86D4006B7AB0 /* SNButton.swift */,
				8BB415302860D99B00BC790F /* SNCoverImageView.swift */,
				8BB415322860DEDC00BC790F /* SNCircleButton.swift */,
				8BB4155D2862F70200BC790F /* SNPopUpView.swift */,
			);
			path = CustomViews;
			sourceTree = "<group>";
		};
		8BB414DF285E214500BC790F /* Base */ = {
			isa = PBXGroup;
			children = (
				8BB414E0285E215F00BC790F /* BaseViewController.swift */,
				8BB414FA285F5AC100BC790F /* BaseRequest.swift */,
			);
			path = Base;
			sourceTree = "<group>";
		};
		8BB414E4285EEC7300BC790F /* ForgotPassword */ = {
			isa = PBXGroup;
			children = (
				8BB415512862277000BC790F /* ForgotPasswordViewController.swift */,
				8BB415532862277D00BC790F /* ForgotPasswordViewModel.swift */,
				8BB415552862278A00BC790F /* ForgotPasswordNavigator.swift */,
			);
			path = ForgotPassword;
			sourceTree = "<group>";
		};
		8BB414EB285F0B5400BC790F /* Services */ = {
			isa = PBXGroup;
			children = (
				8BB4152B2860C83C00BC790F /* Responses */,
				8BB415292860C7F900BC790F /* Requests */,
				8BB414EC285F0B6000BC790F /* APIService.swift */,
			);
			path = Services;
			sourceTree = "<group>";
		};
		8BB41512286058F500BC790F /* Login */ = {
			isa = PBXGroup;
			children = (
				8BB4151628605A0200BC790F /* LoginViewModelTests.swift */,
				8BB4151828605ECF00BC790F /* LoginNavigatorMock.swift */,
				8BB4151A28607A4400BC790F /* LoginRepositoryMock.swift */,
				8BB4151C28608B8200BC790F /* TestError.swift */,
			);
			path = Login;
			sourceTree = "<group>";
		};
		8BB4151E28609AC300BC790F /* Cell */ = {
			isa = PBXGroup;
			children = (
				8BB4151F28609AED00BC790F /* SurveyCollectionViewCell.swift */,
				8BB4152E2860D6F100BC790F /* EmptyCollectionViewCell.swift */,
			);
			path = Cell;
			sourceTree = "<group>";
		};
		8BB415232860BE8A00BC790F /* Repositories */ = {
			isa = PBXGroup;
			children = (
				8BB41501285F7C5C00BC790F /* LoginRepository.swift */,
				8BB415252860C33200BC790F /* SurveyRepository.swift */,
				8BB4155728622BB300BC790F /* ForgotPasswordRepository.swift */,
			);
			path = Repositories;
			sourceTree = "<group>";
		};
		8BB415242860BEA000BC790F /* Types */ = {
			isa = PBXGroup;
			children = (
				8BB41505285F7DB300BC790F /* GrantType.swift */,
				8BB414FD285F692700BC790F /* RequestType.swift */,
			);
			path = Types;
			sourceTree = "<group>";
		};
		8BB415292860C7F900BC790F /* Requests */ = {
			isa = PBXGroup;
			children = (
				8BB415272860C3C100BC790F /* SurveyRequest.swift */,
				8BB414FF285F753800BC790F /* LoginRequest.swift */,
				8BB4155928622C2300BC790F /* ForgotPasswordRequest.swift */,
				8BBA5BC828647CE1004888E9 /* RefreshTokenRequest.swift */,
			);
			path = Requests;
			sourceTree = "<group>";
		};
		8BB4152B2860C83C00BC790F /* Responses */ = {
			isa = PBXGroup;
			children = (
				8BB4150E28603E1D00BC790F /* ErrorResponse.swift */,
				8BB4152C2860C85100BC790F /* DataResponse.swift */,
			);
			path = Responses;
			sourceTree = "<group>";
		};
		8BB415382861B6EA00BC790F /* Home */ = {
			isa = PBXGroup;
			children = (
				8BB4154528620CEE00BC790F /* HomeViewModelTests.swift */,
				8BB4154728620CFD00BC790F /* HomeNavigatorMock.swift */,
				8BB4154928620D0900BC790F /* HomeRepositoryMock.swift */,
			);
			path = Home;
			sourceTree = "<group>";
		};
		8BB4153B2861B74E00BC790F /* Configuration */ = {
			isa = PBXGroup;
			children = (
				8BB415392861B70C00BC790F /* Environment.swift */,
				8BB414F6285F484A00BC790F /* BuildConfiguration.swift */,
				8BBA5BD02864BFB7004888E9 /* Configuration.swift */,
			);
			path = Configuration;
			sourceTree = "<group>";
		};
		8BB4153C2861BB6500BC790F /* DetailSurvey */ = {
			isa = PBXGroup;
			children = (
				8BB4153D2861BB8100BC790F /* DetailSurveyViewController.swift */,
				8BB4153F2861BB8D00BC790F /* DetailSurveyViewModel.swift */,
				8BB415412861BB9D00BC790F /* DetailSurveyNavigator.swift */,
			);
			path = DetailSurvey;
			sourceTree = "<group>";
		};
		8BB4154B2862168200BC790F /* Detail */ = {
			isa = PBXGroup;
			children = (
				8BB4154C2862169300BC790F /* DetailSurveyViewModelTests.swift */,
				8BB4154F28621A1300BC790F /* DetailSurveyNavigatorMock.swift */,
			);
			path = Detail;
			sourceTree = "<group>";
		};
		8BB4155F2863067400BC790F /* ForgotPassword */ = {
			isa = PBXGroup;
			children = (
				8BB41560286307C500BC790F /* ForgotPasswordViewModelTests.swift */,
				8BB41562286307CF00BC790F /* ForgotPasswordNavigatorMock.swift */,
				8BB41564286307E600BC790F /* ForgotPasswordRepository.swift */,
			);
			path = ForgotPassword;
			sourceTree = "<group>";
		};
		8BBA5BCA2864A176004888E9 /* Splash */ = {
			isa = PBXGroup;
			children = (
				8BBA5BCB2864A18B004888E9 /* SplashViewModelTests.swift */,
				8BBA5BCD2864A23C004888E9 /* SplashNavigatorMock.swift */,
			);
			path = Splash;
			sourceTree = "<group>";
		};
		8BFAD35D285C4BB6005FCC06 = {
			isa = PBXGroup;
			children = (
				8BFAD368285C4BB6005FCC06 /* Survey-Nimble */,
				8BFAD37F285C4BB9005FCC06 /* Survey-NimbleTests */,
				8BFAD367285C4BB6005FCC06 /* Products */,
				0695CB88DBEB780FC7C32E3D /* Pods */,
				8AFF360F0F7D7D869732B7B1 /* Frameworks */,
			);
			sourceTree = "<group>";
		};
		8BFAD367285C4BB6005FCC06 /* Products */ = {
			isa = PBXGroup;
			children = (
				8BFAD366285C4BB6005FCC06 /* Survey-Nimble.app */,
				8BFAD37C285C4BB9005FCC06 /* Survey-NimbleTests.xctest */,
			);
			name = Products;
			sourceTree = "<group>";
		};
		8BFAD368285C4BB6005FCC06 /* Survey-Nimble */ = {
			isa = PBXGroup;
			children = (
				8BFAD39A285C5DCF005FCC06 /* Application */,
				8BFAD3A2285C5EA9005FCC06 /* Utils */,
				8BFAD399285C5DC7005FCC06 /* Common */,
				8BFAD3A3285C5F67005FCC06 /* Model */,
				8BB414EB285F0B5400BC790F /* Services */,
				8BB415232860BE8A00BC790F /* Repositories */,
				8B67D38E285D8058006B7AB0 /* CustomViews */,
				8BFAD39E285C5E70005FCC06 /* Screens */,
				8BFAD39C285C5DE0005FCC06 /* Extensions */,
				8BFAD39D285C5E5E005FCC06 /* Resources */,
				8BFAD374285C4BB9005FCC06 /* LaunchScreen.storyboard */,
			);
			path = "Survey-Nimble";
			sourceTree = "<group>";
		};
		8BFAD37F285C4BB9005FCC06 /* Survey-NimbleTests */ = {
			isa = PBXGroup;
			children = (
				8BBA5BCA2864A176004888E9 /* Splash */,
				8BB4155F2863067400BC790F /* ForgotPassword */,
				8BB4154B2862168200BC790F /* Detail */,
				8BB415382861B6EA00BC790F /* Home */,
				8BB41512286058F500BC790F /* Login */,
				8BFAD382285C4BB9005FCC06 /* Info.plist */,
			);
			path = "Survey-NimbleTests";
			sourceTree = "<group>";
		};
		8BFAD399285C5DC7005FCC06 /* Common */ = {
			isa = PBXGroup;
			children = (
				8BB414DF285E214500BC790F /* Base */,
				8BFAD3B7285C6A14005FCC06 /* ViewModelType.swift */,
				8B67D376285C8A5B006B7AB0 /* ViewModelBased.swift */,
			);
			path = Common;
			sourceTree = "<group>";
		};
		8BFAD39A285C5DCF005FCC06 /* Application */ = {
			isa = PBXGroup;
			children = (
				8BFAD369285C4BB6005FCC06 /* AppDelegate.swift */,
			);
			path = Application;
			sourceTree = "<group>";
		};
		8BFAD39C285C5DE0005FCC06 /* Extensions */ = {
			isa = PBXGroup;
			children = (
				8BFAD3C1285C6DF2005FCC06 /* ObservableType+.swift */,
				8B67D372285C8409006B7AB0 /* UIViewController+.swift */,
				8B67D388285D6CCE006B7AB0 /* UIView+.swift */,
				8B67D395285D8C24006B7AB0 /* UIColor+.swift */,
				8B67D397285D8F2E006B7AB0 /* UIFont+.swift */,
				8B392D34285DB449006042A7 /* UITextField+.swift */,
				8BB414F8285F495100BC790F /* String+.swift */,
				8BB415432861FB0D00BC790F /* Date+.swift */,
			);
			path = Extensions;
			sourceTree = "<group>";
		};
		8BFAD39D285C5E5E005FCC06 /* Resources */ = {
			isa = PBXGroup;
			children = (
				8BFAD3A4285C634C005FCC06 /* Fonts */,
				8BFAD377285C4BB9005FCC06 /* Info.plist */,
				8BFAD372285C4BB9005FCC06 /* Assets.xcassets */,
				8B20C9F52868337500E3729C /* Secret.xcconfig */,
			);
			path = Resources;
			sourceTree = "<group>";
		};
		8BFAD39E285C5E70005FCC06 /* Screens */ = {
			isa = PBXGroup;
			children = (
				8BB4153C2861BB6500BC790F /* DetailSurvey */,
				8BB414E4285EEC7300BC790F /* ForgotPassword */,
				8BFAD3A1285C5E9A005FCC06 /* Home */,
				8BFAD3A0285C5E8D005FCC06 /* Login */,
				8BFAD39F285C5E7F005FCC06 /* Splash */,
			);
			path = Screens;
			sourceTree = "<group>";
		};
		8BFAD39F285C5E7F005FCC06 /* Splash */ = {
			isa = PBXGroup;
			children = (
				8B67D370285C8378006B7AB0 /* SplashViewController.swift */,
				8B67D374285C8469006B7AB0 /* SplashViewModel.swift */,
				8B67D380285D2D77006B7AB0 /* SplashNavigator.swift */,
			);
			path = Splash;
			sourceTree = "<group>";
		};
		8BFAD3A0285C5E8D005FCC06 /* Login */ = {
			isa = PBXGroup;
			children = (
				8B67D382285D6618006B7AB0 /* LoginViewController.swift */,
				8B67D384285D6622006B7AB0 /* LoginViewModel.swift */,
				8B67D386285D6632006B7AB0 /* LoginNavigator.swift */,
			);
			path = Login;
			sourceTree = "<group>";
		};
		8BFAD3A1285C5E9A005FCC06 /* Home */ = {
			isa = PBXGroup;
			children = (
				8BB4151E28609AC300BC790F /* Cell */,
				8BB41508285FA06700BC790F /* HomeViewController.swift */,
				8BB4150A285FA07800BC790F /* HomeViewModel.swift */,
				8BB4150C285FA0AB00BC790F /* HomeNavigator.swift */,
			);
			path = Home;
			sourceTree = "<group>";
		};
		8BFAD3A2285C5EA9005FCC06 /* Utils */ = {
			isa = PBXGroup;
			children = (
				8BB4153B2861B74E00BC790F /* Configuration */,
				8BB415242860BEA000BC790F /* Types */,
				8BFAD3BA285C6A80005FCC06 /* Reactive */,
				8BFAD3B4285C693C005FCC06 /* Constants.swift */,
				8BB414F4285F41F400BC790F /* SNError.swift */,
				8BB4151028604FB200BC790F /* KeychainAccess.swift */,
			);
			path = Utils;
			sourceTree = "<group>";
		};
		8BFAD3A3285C5F67005FCC06 /* Model */ = {
			isa = PBXGroup;
			children = (
				8BB414EE285F0C6A00BC790F /* User.swift */,
				8BB4152128609B9400BC790F /* Survey.swift */,
				8BB415342860EA1300BC790F /* Meta.swift */,
				8BB4155B2862310D00BC790F /* NoReply.swift */,
			);
			path = Model;
			sourceTree = "<group>";
		};
		8BFAD3A4285C634C005FCC06 /* Fonts */ = {
			isa = PBXGroup;
			children = (
				8BFAD3AA285C65AB005FCC06 /* NeuzeitSLTStd-Book.otf */,
				8BFAD3A9285C65AB005FCC06 /* NeuzeitSLTStd-BookHeavy.otf */,
			);
			path = Fonts;
			sourceTree = "<group>";
		};
		8BFAD3BA285C6A80005FCC06 /* Reactive */ = {
			isa = PBXGroup;
			children = (
				8BB414F0285F367000BC790F /* Reactive.swift */,
				8BFAD3BB285C6A8E005FCC06 /* ErrorTracker.swift */,
				8BFAD3BE285C6A9F005FCC06 /* ActivityIndicator.swift */,
			);
			path = Reactive;
			sourceTree = "<group>";
		};
/* End PBXGroup section */

/* Begin PBXNativeTarget section */
		8BFAD365285C4BB6005FCC06 /* Survey-Nimble */ = {
			isa = PBXNativeTarget;
			buildConfigurationList = 8BFAD390285C4BB9005FCC06 /* Build configuration list for PBXNativeTarget "Survey-Nimble" */;
			buildPhases = (
				3D45B5770287A7B7BE8F7B0C /* [CP] Check Pods Manifest.lock */,
				8BFAD362285C4BB6005FCC06 /* Sources */,
				8BFAD363285C4BB6005FCC06 /* Frameworks */,
				8BFAD364285C4BB6005FCC06 /* Resources */,
				1C5E88CC513B0BB16CA94014 /* [CP] Embed Pods Frameworks */,
				8BFAD3C4285C71AC005FCC06 /* SwiftLint */,
			);
			buildRules = (
			);
			dependencies = (
			);
			name = "Survey-Nimble";
			productName = "Survey-Nimble";
			productReference = 8BFAD366285C4BB6005FCC06 /* Survey-Nimble.app */;
			productType = "com.apple.product-type.application";
		};
		8BFAD37B285C4BB9005FCC06 /* Survey-NimbleTests */ = {
			isa = PBXNativeTarget;
			buildConfigurationList = 8BFAD393285C4BB9005FCC06 /* Build configuration list for PBXNativeTarget "Survey-NimbleTests" */;
			buildPhases = (
				77EEE87E5BBDCDFEFE455C5E /* [CP] Check Pods Manifest.lock */,
				8BFAD378285C4BB9005FCC06 /* Sources */,
				8BFAD379285C4BB9005FCC06 /* Frameworks */,
				8BFAD37A285C4BB9005FCC06 /* Resources */,
				5DEF518343C241AAB80109A8 /* [CP] Embed Pods Frameworks */,
			);
			buildRules = (
			);
			dependencies = (
				8BFAD37E285C4BB9005FCC06 /* PBXTargetDependency */,
			);
			name = "Survey-NimbleTests";
			productName = "Survey-NimbleTests";
			productReference = 8BFAD37C285C4BB9005FCC06 /* Survey-NimbleTests.xctest */;
			productType = "com.apple.product-type.bundle.unit-test";
		};
/* End PBXNativeTarget section */

/* Begin PBXProject section */
		8BFAD35E285C4BB6005FCC06 /* Project object */ = {
			isa = PBXProject;
			attributes = {
				LastSwiftUpdateCheck = 1250;
				LastUpgradeCheck = 1250;
				TargetAttributes = {
					8BFAD365285C4BB6005FCC06 = {
						CreatedOnToolsVersion = 12.5.1;
					};
					8BFAD37B285C4BB9005FCC06 = {
						CreatedOnToolsVersion = 12.5.1;
						TestTargetID = 8BFAD365285C4BB6005FCC06;
					};
				};
			};
			buildConfigurationList = 8BFAD361285C4BB6005FCC06 /* Build configuration list for PBXProject "Survey-Nimble" */;
			compatibilityVersion = "Xcode 9.3";
			developmentRegion = en;
			hasScannedForEncodings = 0;
			knownRegions = (
				en,
				Base,
			);
			mainGroup = 8BFAD35D285C4BB6005FCC06;
			productRefGroup = 8BFAD367285C4BB6005FCC06 /* Products */;
			projectDirPath = "";
			projectRoot = "";
			targets = (
				8BFAD365285C4BB6005FCC06 /* Survey-Nimble */,
				8BFAD37B285C4BB9005FCC06 /* Survey-NimbleTests */,
			);
		};
/* End PBXProject section */

/* Begin PBXResourcesBuildPhase section */
		8BFAD364285C4BB6005FCC06 /* Resources */ = {
			isa = PBXResourcesBuildPhase;
			buildActionMask = 2147483647;
			files = (
				8BFAD3AF285C663E005FCC06 /* NeuzeitSLTStd-Book.otf in Resources */,
				8BFAD3B0285C663E005FCC06 /* NeuzeitSLTStd-BookHeavy.otf in Resources */,
				8BFAD376285C4BB9005FCC06 /* LaunchScreen.storyboard in Resources */,
				8BFAD373285C4BB9005FCC06 /* Assets.xcassets in Resources */,
			);
			runOnlyForDeploymentPostprocessing = 0;
		};
		8BFAD37A285C4BB9005FCC06 /* Resources */ = {
			isa = PBXResourcesBuildPhase;
			buildActionMask = 2147483647;
			files = (
				8BFAD3AC285C65AB005FCC06 /* NeuzeitSLTStd-BookHeavy.otf in Resources */,
				8BFAD3AE285C65AB005FCC06 /* NeuzeitSLTStd-Book.otf in Resources */,
			);
			runOnlyForDeploymentPostprocessing = 0;
		};
/* End PBXResourcesBuildPhase section */

/* Begin PBXShellScriptBuildPhase section */
		1C5E88CC513B0BB16CA94014 /* [CP] Embed Pods Frameworks */ = {
			isa = PBXShellScriptBuildPhase;
			buildActionMask = 2147483647;
			files = (
			);
			inputFileListPaths = (
				"${PODS_ROOT}/Target Support Files/Pods-Survey-Nimble/Pods-Survey-Nimble-frameworks-${CONFIGURATION}-input-files.xcfilelist",
			);
			name = "[CP] Embed Pods Frameworks";
			outputFileListPaths = (
				"${PODS_ROOT}/Target Support Files/Pods-Survey-Nimble/Pods-Survey-Nimble-frameworks-${CONFIGURATION}-output-files.xcfilelist",
			);
			runOnlyForDeploymentPostprocessing = 0;
			shellPath = /bin/sh;
			shellScript = "\"${PODS_ROOT}/Target Support Files/Pods-Survey-Nimble/Pods-Survey-Nimble-frameworks.sh\"\n";
			showEnvVarsInLog = 0;
		};
		3D45B5770287A7B7BE8F7B0C /* [CP] Check Pods Manifest.lock */ = {
			isa = PBXShellScriptBuildPhase;
			buildActionMask = 2147483647;
			files = (
			);
			inputFileListPaths = (
			);
			inputPaths = (
				"${PODS_PODFILE_DIR_PATH}/Podfile.lock",
				"${PODS_ROOT}/Manifest.lock",
			);
			name = "[CP] Check Pods Manifest.lock";
			outputFileListPaths = (
			);
			outputPaths = (
				"$(DERIVED_FILE_DIR)/Pods-Survey-Nimble-checkManifestLockResult.txt",
			);
			runOnlyForDeploymentPostprocessing = 0;
			shellPath = /bin/sh;
			shellScript = "diff \"${PODS_PODFILE_DIR_PATH}/Podfile.lock\" \"${PODS_ROOT}/Manifest.lock\" > /dev/null\nif [ $? != 0 ] ; then\n    # print error to STDERR\n    echo \"error: The sandbox is not in sync with the Podfile.lock. Run 'pod install' or update your CocoaPods installation.\" >&2\n    exit 1\nfi\n# This output is used by Xcode 'outputs' to avoid re-running this script phase.\necho \"SUCCESS\" > \"${SCRIPT_OUTPUT_FILE_0}\"\n";
			showEnvVarsInLog = 0;
		};
		5DEF518343C241AAB80109A8 /* [CP] Embed Pods Frameworks */ = {
			isa = PBXShellScriptBuildPhase;
			buildActionMask = 2147483647;
			files = (
			);
			inputFileListPaths = (
				"${PODS_ROOT}/Target Support Files/Pods-Survey-NimbleTests/Pods-Survey-NimbleTests-frameworks-${CONFIGURATION}-input-files.xcfilelist",
			);
			name = "[CP] Embed Pods Frameworks";
			outputFileListPaths = (
				"${PODS_ROOT}/Target Support Files/Pods-Survey-NimbleTests/Pods-Survey-NimbleTests-frameworks-${CONFIGURATION}-output-files.xcfilelist",
			);
			runOnlyForDeploymentPostprocessing = 0;
			shellPath = /bin/sh;
			shellScript = "\"${PODS_ROOT}/Target Support Files/Pods-Survey-NimbleTests/Pods-Survey-NimbleTests-frameworks.sh\"\n";
			showEnvVarsInLog = 0;
		};
		77EEE87E5BBDCDFEFE455C5E /* [CP] Check Pods Manifest.lock */ = {
			isa = PBXShellScriptBuildPhase;
			buildActionMask = 2147483647;
			files = (
			);
			inputFileListPaths = (
			);
			inputPaths = (
				"${PODS_PODFILE_DIR_PATH}/Podfile.lock",
				"${PODS_ROOT}/Manifest.lock",
			);
			name = "[CP] Check Pods Manifest.lock";
			outputFileListPaths = (
			);
			outputPaths = (
				"$(DERIVED_FILE_DIR)/Pods-Survey-NimbleTests-checkManifestLockResult.txt",
			);
			runOnlyForDeploymentPostprocessing = 0;
			shellPath = /bin/sh;
			shellScript = "diff \"${PODS_PODFILE_DIR_PATH}/Podfile.lock\" \"${PODS_ROOT}/Manifest.lock\" > /dev/null\nif [ $? != 0 ] ; then\n    # print error to STDERR\n    echo \"error: The sandbox is not in sync with the Podfile.lock. Run 'pod install' or update your CocoaPods installation.\" >&2\n    exit 1\nfi\n# This output is used by Xcode 'outputs' to avoid re-running this script phase.\necho \"SUCCESS\" > \"${SCRIPT_OUTPUT_FILE_0}\"\n";
			showEnvVarsInLog = 0;
		};
		8BFAD3C4285C71AC005FCC06 /* SwiftLint */ = {
			isa = PBXShellScriptBuildPhase;
			buildActionMask = 2147483647;
			files = (
			);
			inputFileListPaths = (
			);
			inputPaths = (
			);
			name = SwiftLint;
			outputFileListPaths = (
			);
			outputPaths = (
			);
			runOnlyForDeploymentPostprocessing = 0;
			shellPath = /bin/sh;
			shellScript = "\"${PODS_ROOT}/SwiftLint/swiftlint\"\n";
		};
/* End PBXShellScriptBuildPhase section */

/* Begin PBXSourcesBuildPhase section */
		8BFAD362285C4BB6005FCC06 /* Sources */ = {
			isa = PBXSourcesBuildPhase;
			buildActionMask = 2147483647;
			files = (
				8B67D383285D6618006B7AB0 /* LoginViewController.swift in Sources */,
				8BB41506285F7DB300BC790F /* GrantType.swift in Sources */,
				8BB41500285F753800BC790F /* LoginRequest.swift in Sources */,
				8BB4155C2862310D00BC790F /* NoReply.swift in Sources */,
				8BB4155828622BB300BC790F /* ForgotPasswordRepository.swift in Sources */,
				8BB41509285FA06700BC790F /* HomeViewController.swift in Sources */,
				8B67D390285D80B1006B7AB0 /* SNTextField.swift in Sources */,
				8B67D394285D86D4006B7AB0 /* SNButton.swift in Sources */,
				8B67D377285C8A5B006B7AB0 /* ViewModelBased.swift in Sources */,
				8BB4152D2860C85100BC790F /* DataResponse.swift in Sources */,
				8BFAD36A285C4BB6005FCC06 /* AppDelegate.swift in Sources */,
				8BB414EF285F0C6A00BC790F /* User.swift in Sources */,
				8B67D387285D6632006B7AB0 /* LoginNavigator.swift in Sources */,
				8BB414FE285F692700BC790F /* RequestType.swift in Sources */,
				8BB41502285F7C5C00BC790F /* LoginRepository.swift in Sources */,
				8BB4150D285FA0AB00BC790F /* HomeNavigator.swift in Sources */,
				8BB415282860C3C100BC790F /* SurveyRequest.swift in Sources */,
				8BFAD3C2285C6DF2005FCC06 /* ObservableType+.swift in Sources */,
				8BB415402861BB8D00BC790F /* DetailSurveyViewModel.swift in Sources */,
				8BB4150F28603E1D00BC790F /* ErrorResponse.swift in Sources */,
				8B67D392285D86C0006B7AB0 /* SNLabel.swift in Sources */,
				8BB4155E2862F70200BC790F /* SNPopUpView.swift in Sources */,
				8B67D396285D8C24006B7AB0 /* UIColor+.swift in Sources */,
				8BB414E1285E215F00BC790F /* BaseViewController.swift in Sources */,
				8BB415422861BB9D00BC790F /* DetailSurveyNavigator.swift in Sources */,
				8BB414F1285F367000BC790F /* Reactive.swift in Sources */,
				8BB415352860EA1300BC790F /* Meta.swift in Sources */,
				8B67D398285D8F2E006B7AB0 /* UIFont+.swift in Sources */,
				8BB4150B285FA07800BC790F /* HomeViewModel.swift in Sources */,
				8BB4152028609AED00BC790F /* SurveyCollectionViewCell.swift in Sources */,
				8BB4153E2861BB8100BC790F /* DetailSurveyViewController.swift in Sources */,
				8B67D373285C8409006B7AB0 /* UIViewController+.swift in Sources */,
				8BB4151128604FB200BC790F /* KeychainAccess.swift in Sources */,
				8B67D381285D2D77006B7AB0 /* SplashNavigator.swift in Sources */,
				8B67D375285C8469006B7AB0 /* SplashViewModel.swift in Sources */,
				8BB414FB285F5AC100BC790F /* BaseRequest.swift in Sources */,
				8BB4153A2861B70C00BC790F /* Environment.swift in Sources */,
				8BB415312860D99B00BC790F /* SNCoverImageView.swift in Sources */,
				8BFAD3BF285C6A9F005FCC06 /* ActivityIndicator.swift in Sources */,
				8BB414F7285F484A00BC790F /* BuildConfiguration.swift in Sources */,
				8B67D389285D6CCE006B7AB0 /* UIView+.swift in Sources */,
				8B67D385285D6622006B7AB0 /* LoginViewModel.swift in Sources */,
				8BB415442861FB0D00BC790F /* Date+.swift in Sources */,
				8BFAD3B5285C693C005FCC06 /* Constants.swift in Sources */,
				8BB4152F2860D6F100BC790F /* EmptyCollectionViewCell.swift in Sources */,
				8BB4155A28622C2300BC790F /* ForgotPasswordRequest.swift in Sources */,
				8BB415542862277D00BC790F /* ForgotPasswordViewModel.swift in Sources */,
				8BFAD3B8285C6A14005FCC06 /* ViewModelType.swift in Sources */,
				8B67D371285C8378006B7AB0 /* SplashViewController.swift in Sources */,
				8BBA5BC928647CE1004888E9 /* RefreshTokenRequest.swift in Sources */,
				8BB415332860DEDC00BC790F /* SNCircleButton.swift in Sources */,
				8BB415562862278A00BC790F /* ForgotPasswordNavigator.swift in Sources */,
				8BB415262860C33200BC790F /* SurveyRepository.swift in Sources */,
				8BB414F5285F41F400BC790F /* SNError.swift in Sources */,
				8BB415522862277000BC790F /* ForgotPasswordViewController.swift in Sources */,
				8BB414ED285F0B6000BC790F /* APIService.swift in Sources */,
				8BFAD3BC285C6A8E005FCC06 /* ErrorTracker.swift in Sources */,
				8BB4152228609B9400BC790F /* Survey.swift in Sources */,
				8B392D35285DB449006042A7 /* UITextField+.swift in Sources */,
				8BBA5BD12864BFB7004888E9 /* Configuration.swift in Sources */,
				8BB414F9285F495100BC790F /* String+.swift in Sources */,
			);
			runOnlyForDeploymentPostprocessing = 0;
		};
		8BFAD378285C4BB9005FCC06 /* Sources */ = {
			isa = PBXSourcesBuildPhase;
			buildActionMask = 2147483647;
			files = (
				8BB4155028621A1300BC790F /* DetailSurveyNavigatorMock.swift in Sources */,
				8BB41565286307E600BC790F /* ForgotPasswordRepository.swift in Sources */,
				8BB4154628620CEE00BC790F /* HomeViewModelTests.swift in Sources */,
				8BFAD3C3285C6DF2005FCC06 /* ObservableType+.swift in Sources */,
				8BB4151B28607A4400BC790F /* LoginRepositoryMock.swift in Sources */,
				8BFAD3C0285C6A9F005FCC06 /* ActivityIndicator.swift in Sources */,
				8BB41563286307CF00BC790F /* ForgotPasswordNavigatorMock.swift in Sources */,
				8BB4154E2862185C00BC790F /* Environment.swift in Sources */,
				8BB4154828620CFD00BC790F /* HomeNavigatorMock.swift in Sources */,
				8BBA5BCE2864A23C004888E9 /* SplashNavigatorMock.swift in Sources */,
				8BBA5BD22865A7C6004888E9 /* Configuration.swift in Sources */,
				8BB41561286307C500BC790F /* ForgotPasswordViewModelTests.swift in Sources */,
				8BFAD3B6285C693C005FCC06 /* Constants.swift in Sources */,
				8BB4151D28608B8200BC790F /* TestError.swift in Sources */,
				8BFAD3B9285C6A14005FCC06 /* ViewModelType.swift in Sources */,
				8BB4151728605A0200BC790F /* LoginViewModelTests.swift in Sources */,
				8BB41507285F9DE900BC790F /* Reactive.swift in Sources */,
				8BFAD3BD285C6A8E005FCC06 /* ErrorTracker.swift in Sources */,
				8BB4154A28620D0900BC790F /* HomeRepositoryMock.swift in Sources */,
				8BB4151928605ECF00BC790F /* LoginNavigatorMock.swift in Sources */,
				8BB4154D2862169300BC790F /* DetailSurveyViewModelTests.swift in Sources */,
				8BBA5BCC2864A18B004888E9 /* SplashViewModelTests.swift in Sources */,
			);
			runOnlyForDeploymentPostprocessing = 0;
		};
/* End PBXSourcesBuildPhase section */

/* Begin PBXTargetDependency section */
		8BFAD37E285C4BB9005FCC06 /* PBXTargetDependency */ = {
			isa = PBXTargetDependency;
			target = 8BFAD365285C4BB6005FCC06 /* Survey-Nimble */;
			targetProxy = 8BFAD37D285C4BB9005FCC06 /* PBXContainerItemProxy */;
		};
/* End PBXTargetDependency section */

/* Begin PBXVariantGroup section */
		8BFAD374285C4BB9005FCC06 /* LaunchScreen.storyboard */ = {
			isa = PBXVariantGroup;
			children = (
				8BFAD375285C4BB9005FCC06 /* Base */,
			);
			name = LaunchScreen.storyboard;
			sourceTree = "<group>";
		};
/* End PBXVariantGroup section */

/* Begin XCBuildConfiguration section */
		8B67D378285D2BEE006B7AB0 /* Debug STG */ = {
			isa = XCBuildConfiguration;
			buildSettings = {
				ALWAYS_SEARCH_USER_PATHS = NO;
				CLANG_ANALYZER_NONNULL = YES;
				CLANG_ANALYZER_NUMBER_OBJECT_CONVERSION = YES_AGGRESSIVE;
				CLANG_CXX_LANGUAGE_STANDARD = "gnu++14";
				CLANG_CXX_LIBRARY = "libc++";
				CLANG_ENABLE_MODULES = YES;
				CLANG_ENABLE_OBJC_ARC = YES;
				CLANG_ENABLE_OBJC_WEAK = YES;
				CLANG_WARN_BLOCK_CAPTURE_AUTORELEASING = YES;
				CLANG_WARN_BOOL_CONVERSION = YES;
				CLANG_WARN_COMMA = YES;
				CLANG_WARN_CONSTANT_CONVERSION = YES;
				CLANG_WARN_DEPRECATED_OBJC_IMPLEMENTATIONS = YES;
				CLANG_WARN_DIRECT_OBJC_ISA_USAGE = YES_ERROR;
				CLANG_WARN_DOCUMENTATION_COMMENTS = YES;
				CLANG_WARN_EMPTY_BODY = YES;
				CLANG_WARN_ENUM_CONVERSION = YES;
				CLANG_WARN_INFINITE_RECURSION = YES;
				CLANG_WARN_INT_CONVERSION = YES;
				CLANG_WARN_NON_LITERAL_NULL_CONVERSION = YES;
				CLANG_WARN_OBJC_IMPLICIT_RETAIN_SELF = YES;
				CLANG_WARN_OBJC_LITERAL_CONVERSION = YES;
				CLANG_WARN_OBJC_ROOT_CLASS = YES_ERROR;
				CLANG_WARN_QUOTED_INCLUDE_IN_FRAMEWORK_HEADER = YES;
				CLANG_WARN_RANGE_LOOP_ANALYSIS = YES;
				CLANG_WARN_STRICT_PROTOTYPES = YES;
				CLANG_WARN_SUSPICIOUS_MOVE = YES;
				CLANG_WARN_UNGUARDED_AVAILABILITY = YES_AGGRESSIVE;
				CLANG_WARN_UNREACHABLE_CODE = YES;
				CLANG_WARN__DUPLICATE_METHOD_MATCH = YES;
				COPY_PHASE_STRIP = NO;
				DEBUG_INFORMATION_FORMAT = dwarf;
				ENABLE_STRICT_OBJC_MSGSEND = YES;
				ENABLE_TESTABILITY = YES;
				GCC_C_LANGUAGE_STANDARD = gnu11;
				GCC_DYNAMIC_NO_PIC = NO;
				GCC_NO_COMMON_BLOCKS = YES;
				GCC_OPTIMIZATION_LEVEL = 0;
				GCC_PREPROCESSOR_DEFINITIONS = (
					"DEBUG=1",
					"$(inherited)",
				);
				GCC_WARN_64_TO_32_BIT_CONVERSION = YES;
				GCC_WARN_ABOUT_RETURN_TYPE = YES_ERROR;
				GCC_WARN_UNDECLARED_SELECTOR = YES;
				GCC_WARN_UNINITIALIZED_AUTOS = YES_AGGRESSIVE;
				GCC_WARN_UNUSED_FUNCTION = YES;
				GCC_WARN_UNUSED_VARIABLE = YES;
				IPHONEOS_DEPLOYMENT_TARGET = 10.0;
				MTL_ENABLE_DEBUG_INFO = INCLUDE_SOURCE;
				MTL_FAST_MATH = YES;
				ONLY_ACTIVE_ARCH = YES;
				SDKROOT = iphoneos;
				SWIFT_ACTIVE_COMPILATION_CONDITIONS = DEBUG;
				SWIFT_OPTIMIZATION_LEVEL = "-Onone";
			};
			name = "Debug STG";
		};
		8B67D379285D2BEE006B7AB0 /* Debug STG */ = {
			isa = XCBuildConfiguration;
			baseConfigurationReference = CA2A53605B93745E179E5A39 /* Pods-Survey-Nimble.debug stg.xcconfig */;
			buildSettings = {
				ASSETCATALOG_COMPILER_APPICON_NAME = AppIcon;
				ASSETCATALOG_COMPILER_GLOBAL_ACCENT_COLOR_NAME = AccentColor;
				CODE_SIGN_IDENTITY = "Apple Development";
				CODE_SIGN_STYLE = Automatic;
				CURRENT_PROJECT_VERSION = 1;
				DEVELOPMENT_TEAM = "";
				INFOPLIST_FILE = "Survey-Nimble/Resources/Info.plist";
				IPHONEOS_DEPLOYMENT_TARGET = 10.0;
				LD_RUNPATH_SEARCH_PATHS = (
					"$(inherited)",
					"@executable_path/Frameworks",
				);
				MARKETING_VERSION = 1.0;
				PRODUCT_BUNDLE_IDENTIFIER = "khanhnguyen.Survey-Nimble.stg";
				PRODUCT_NAME = "$(TARGET_NAME)STG";
				PROVISIONING_PROFILE_SPECIFIER = "";
				SWIFT_VERSION = 5.0;
				TARGETED_DEVICE_FAMILY = 1;
			};
			name = "Debug STG";
		};
		8B67D37A285D2BEE006B7AB0 /* Debug STG */ = {
			isa = XCBuildConfiguration;
			baseConfigurationReference = 42657B54F9CE98CCFEEBF481 /* Pods-Survey-NimbleTests.debug stg.xcconfig */;
			buildSettings = {
				ALWAYS_EMBED_SWIFT_STANDARD_LIBRARIES = YES;
				BUNDLE_LOADER = "$(TEST_HOST)";
				CODE_SIGN_STYLE = Automatic;
				INFOPLIST_FILE = "Survey-NimbleTests/Info.plist";
				IPHONEOS_DEPLOYMENT_TARGET = 14.5;
				LD_RUNPATH_SEARCH_PATHS = (
					"$(inherited)",
					"@executable_path/Frameworks",
					"@loader_path/Frameworks",
				);
				PRODUCT_BUNDLE_IDENTIFIER = "khanhnguyen.Survey-NimbleTests";
				PRODUCT_NAME = "$(TARGET_NAME)";
				SWIFT_VERSION = 5.0;
				TARGETED_DEVICE_FAMILY = "1,2";
				TEST_HOST = "$(BUILT_PRODUCTS_DIR)/Survey-Nimble.app/Survey-Nimble";
			};
			name = "Debug STG";
		};
		8B67D37C285D2BF9006B7AB0 /* Release STG */ = {
			isa = XCBuildConfiguration;
			buildSettings = {
				ALWAYS_SEARCH_USER_PATHS = NO;
				CLANG_ANALYZER_NONNULL = YES;
				CLANG_ANALYZER_NUMBER_OBJECT_CONVERSION = YES_AGGRESSIVE;
				CLANG_CXX_LANGUAGE_STANDARD = "gnu++14";
				CLANG_CXX_LIBRARY = "libc++";
				CLANG_ENABLE_MODULES = YES;
				CLANG_ENABLE_OBJC_ARC = YES;
				CLANG_ENABLE_OBJC_WEAK = YES;
				CLANG_WARN_BLOCK_CAPTURE_AUTORELEASING = YES;
				CLANG_WARN_BOOL_CONVERSION = YES;
				CLANG_WARN_COMMA = YES;
				CLANG_WARN_CONSTANT_CONVERSION = YES;
				CLANG_WARN_DEPRECATED_OBJC_IMPLEMENTATIONS = YES;
				CLANG_WARN_DIRECT_OBJC_ISA_USAGE = YES_ERROR;
				CLANG_WARN_DOCUMENTATION_COMMENTS = YES;
				CLANG_WARN_EMPTY_BODY = YES;
				CLANG_WARN_ENUM_CONVERSION = YES;
				CLANG_WARN_INFINITE_RECURSION = YES;
				CLANG_WARN_INT_CONVERSION = YES;
				CLANG_WARN_NON_LITERAL_NULL_CONVERSION = YES;
				CLANG_WARN_OBJC_IMPLICIT_RETAIN_SELF = YES;
				CLANG_WARN_OBJC_LITERAL_CONVERSION = YES;
				CLANG_WARN_OBJC_ROOT_CLASS = YES_ERROR;
				CLANG_WARN_QUOTED_INCLUDE_IN_FRAMEWORK_HEADER = YES;
				CLANG_WARN_RANGE_LOOP_ANALYSIS = YES;
				CLANG_WARN_STRICT_PROTOTYPES = YES;
				CLANG_WARN_SUSPICIOUS_MOVE = YES;
				CLANG_WARN_UNGUARDED_AVAILABILITY = YES_AGGRESSIVE;
				CLANG_WARN_UNREACHABLE_CODE = YES;
				CLANG_WARN__DUPLICATE_METHOD_MATCH = YES;
				COPY_PHASE_STRIP = NO;
				DEBUG_INFORMATION_FORMAT = "dwarf-with-dsym";
				ENABLE_NS_ASSERTIONS = NO;
				ENABLE_STRICT_OBJC_MSGSEND = YES;
				GCC_C_LANGUAGE_STANDARD = gnu11;
				GCC_NO_COMMON_BLOCKS = YES;
				GCC_WARN_64_TO_32_BIT_CONVERSION = YES;
				GCC_WARN_ABOUT_RETURN_TYPE = YES_ERROR;
				GCC_WARN_UNDECLARED_SELECTOR = YES;
				GCC_WARN_UNINITIALIZED_AUTOS = YES_AGGRESSIVE;
				GCC_WARN_UNUSED_FUNCTION = YES;
				GCC_WARN_UNUSED_VARIABLE = YES;
				IPHONEOS_DEPLOYMENT_TARGET = 10.0;
				MTL_ENABLE_DEBUG_INFO = NO;
				MTL_FAST_MATH = YES;
				SDKROOT = iphoneos;
				SWIFT_COMPILATION_MODE = wholemodule;
				SWIFT_OPTIMIZATION_LEVEL = "-O";
				VALIDATE_PRODUCT = YES;
			};
			name = "Release STG";
		};
		8B67D37D285D2BF9006B7AB0 /* Release STG */ = {
			isa = XCBuildConfiguration;
			baseConfigurationReference = F7D7ED3832B5BF82E24F6FF3 /* Pods-Survey-Nimble.release stg.xcconfig */;
			buildSettings = {
				ASSETCATALOG_COMPILER_APPICON_NAME = AppIcon;
				ASSETCATALOG_COMPILER_GLOBAL_ACCENT_COLOR_NAME = AccentColor;
				CODE_SIGN_IDENTITY = "Apple Development";
				CODE_SIGN_STYLE = Automatic;
				CURRENT_PROJECT_VERSION = 1;
				DEVELOPMENT_TEAM = "";
				INFOPLIST_FILE = "Survey-Nimble/Resources/Info.plist";
				IPHONEOS_DEPLOYMENT_TARGET = 10.0;
				LD_RUNPATH_SEARCH_PATHS = (
					"$(inherited)",
					"@executable_path/Frameworks",
				);
				MARKETING_VERSION = 1.0;
				PRODUCT_BUNDLE_IDENTIFIER = "khanhnguyen.Survey-Nimble.stg";
				PRODUCT_NAME = "$(TARGET_NAME)STG";
				PROVISIONING_PROFILE_SPECIFIER = "";
				SWIFT_VERSION = 5.0;
				TARGETED_DEVICE_FAMILY = 1;
			};
			name = "Release STG";
		};
		8B67D37E285D2BF9006B7AB0 /* Release STG */ = {
			isa = XCBuildConfiguration;
			baseConfigurationReference = E46ADAF5A23B19C76E14562A /* Pods-Survey-NimbleTests.release stg.xcconfig */;
			buildSettings = {
				ALWAYS_EMBED_SWIFT_STANDARD_LIBRARIES = YES;
				BUNDLE_LOADER = "$(TEST_HOST)";
				CODE_SIGN_STYLE = Automatic;
				INFOPLIST_FILE = "Survey-NimbleTests/Info.plist";
				IPHONEOS_DEPLOYMENT_TARGET = 14.5;
				LD_RUNPATH_SEARCH_PATHS = (
					"$(inherited)",
					"@executable_path/Frameworks",
					"@loader_path/Frameworks",
				);
				PRODUCT_BUNDLE_IDENTIFIER = "khanhnguyen.Survey-NimbleTests";
				PRODUCT_NAME = "$(TARGET_NAME)";
				SWIFT_VERSION = 5.0;
				TARGETED_DEVICE_FAMILY = "1,2";
				TEST_HOST = "$(BUILT_PRODUCTS_DIR)/Survey-Nimble.app/Survey-Nimble";
			};
			name = "Release STG";
		};
		8BFAD38E285C4BB9005FCC06 /* Debug */ = {
			isa = XCBuildConfiguration;
			buildSettings = {
				ALWAYS_SEARCH_USER_PATHS = NO;
				CLANG_ANALYZER_NONNULL = YES;
				CLANG_ANALYZER_NUMBER_OBJECT_CONVERSION = YES_AGGRESSIVE;
				CLANG_CXX_LANGUAGE_STANDARD = "gnu++14";
				CLANG_CXX_LIBRARY = "libc++";
				CLANG_ENABLE_MODULES = YES;
				CLANG_ENABLE_OBJC_ARC = YES;
				CLANG_ENABLE_OBJC_WEAK = YES;
				CLANG_WARN_BLOCK_CAPTURE_AUTORELEASING = YES;
				CLANG_WARN_BOOL_CONVERSION = YES;
				CLANG_WARN_COMMA = YES;
				CLANG_WARN_CONSTANT_CONVERSION = YES;
				CLANG_WARN_DEPRECATED_OBJC_IMPLEMENTATIONS = YES;
				CLANG_WARN_DIRECT_OBJC_ISA_USAGE = YES_ERROR;
				CLANG_WARN_DOCUMENTATION_COMMENTS = YES;
				CLANG_WARN_EMPTY_BODY = YES;
				CLANG_WARN_ENUM_CONVERSION = YES;
				CLANG_WARN_INFINITE_RECURSION = YES;
				CLANG_WARN_INT_CONVERSION = YES;
				CLANG_WARN_NON_LITERAL_NULL_CONVERSION = YES;
				CLANG_WARN_OBJC_IMPLICIT_RETAIN_SELF = YES;
				CLANG_WARN_OBJC_LITERAL_CONVERSION = YES;
				CLANG_WARN_OBJC_ROOT_CLASS = YES_ERROR;
				CLANG_WARN_QUOTED_INCLUDE_IN_FRAMEWORK_HEADER = YES;
				CLANG_WARN_RANGE_LOOP_ANALYSIS = YES;
				CLANG_WARN_STRICT_PROTOTYPES = YES;
				CLANG_WARN_SUSPICIOUS_MOVE = YES;
				CLANG_WARN_UNGUARDED_AVAILABILITY = YES_AGGRESSIVE;
				CLANG_WARN_UNREACHABLE_CODE = YES;
				CLANG_WARN__DUPLICATE_METHOD_MATCH = YES;
				COPY_PHASE_STRIP = NO;
				DEBUG_INFORMATION_FORMAT = dwarf;
				ENABLE_STRICT_OBJC_MSGSEND = YES;
				ENABLE_TESTABILITY = YES;
				GCC_C_LANGUAGE_STANDARD = gnu11;
				GCC_DYNAMIC_NO_PIC = NO;
				GCC_NO_COMMON_BLOCKS = YES;
				GCC_OPTIMIZATION_LEVEL = 0;
				GCC_PREPROCESSOR_DEFINITIONS = (
					"DEBUG=1",
					"$(inherited)",
				);
				GCC_WARN_64_TO_32_BIT_CONVERSION = YES;
				GCC_WARN_ABOUT_RETURN_TYPE = YES_ERROR;
				GCC_WARN_UNDECLARED_SELECTOR = YES;
				GCC_WARN_UNINITIALIZED_AUTOS = YES_AGGRESSIVE;
				GCC_WARN_UNUSED_FUNCTION = YES;
				GCC_WARN_UNUSED_VARIABLE = YES;
				IPHONEOS_DEPLOYMENT_TARGET = 10.0;
				MTL_ENABLE_DEBUG_INFO = INCLUDE_SOURCE;
				MTL_FAST_MATH = YES;
				ONLY_ACTIVE_ARCH = YES;
				SDKROOT = iphoneos;
				SWIFT_ACTIVE_COMPILATION_CONDITIONS = DEBUG;
				SWIFT_OPTIMIZATION_LEVEL = "-Onone";
			};
			name = Debug;
		};
		8BFAD38F285C4BB9005FCC06 /* Release */ = {
			isa = XCBuildConfiguration;
			buildSettings = {
				ALWAYS_SEARCH_USER_PATHS = NO;
				CLANG_ANALYZER_NONNULL = YES;
				CLANG_ANALYZER_NUMBER_OBJECT_CONVERSION = YES_AGGRESSIVE;
				CLANG_CXX_LANGUAGE_STANDARD = "gnu++14";
				CLANG_CXX_LIBRARY = "libc++";
				CLANG_ENABLE_MODULES = YES;
				CLANG_ENABLE_OBJC_ARC = YES;
				CLANG_ENABLE_OBJC_WEAK = YES;
				CLANG_WARN_BLOCK_CAPTURE_AUTORELEASING = YES;
				CLANG_WARN_BOOL_CONVERSION = YES;
				CLANG_WARN_COMMA = YES;
				CLANG_WARN_CONSTANT_CONVERSION = YES;
				CLANG_WARN_DEPRECATED_OBJC_IMPLEMENTATIONS = YES;
				CLANG_WARN_DIRECT_OBJC_ISA_USAGE = YES_ERROR;
				CLANG_WARN_DOCUMENTATION_COMMENTS = YES;
				CLANG_WARN_EMPTY_BODY = YES;
				CLANG_WARN_ENUM_CONVERSION = YES;
				CLANG_WARN_INFINITE_RECURSION = YES;
				CLANG_WARN_INT_CONVERSION = YES;
				CLANG_WARN_NON_LITERAL_NULL_CONVERSION = YES;
				CLANG_WARN_OBJC_IMPLICIT_RETAIN_SELF = YES;
				CLANG_WARN_OBJC_LITERAL_CONVERSION = YES;
				CLANG_WARN_OBJC_ROOT_CLASS = YES_ERROR;
				CLANG_WARN_QUOTED_INCLUDE_IN_FRAMEWORK_HEADER = YES;
				CLANG_WARN_RANGE_LOOP_ANALYSIS = YES;
				CLANG_WARN_STRICT_PROTOTYPES = YES;
				CLANG_WARN_SUSPICIOUS_MOVE = YES;
				CLANG_WARN_UNGUARDED_AVAILABILITY = YES_AGGRESSIVE;
				CLANG_WARN_UNREACHABLE_CODE = YES;
				CLANG_WARN__DUPLICATE_METHOD_MATCH = YES;
				COPY_PHASE_STRIP = NO;
				DEBUG_INFORMATION_FORMAT = "dwarf-with-dsym";
				ENABLE_NS_ASSERTIONS = NO;
				ENABLE_STRICT_OBJC_MSGSEND = YES;
				GCC_C_LANGUAGE_STANDARD = gnu11;
				GCC_NO_COMMON_BLOCKS = YES;
				GCC_WARN_64_TO_32_BIT_CONVERSION = YES;
				GCC_WARN_ABOUT_RETURN_TYPE = YES_ERROR;
				GCC_WARN_UNDECLARED_SELECTOR = YES;
				GCC_WARN_UNINITIALIZED_AUTOS = YES_AGGRESSIVE;
				GCC_WARN_UNUSED_FUNCTION = YES;
				GCC_WARN_UNUSED_VARIABLE = YES;
				IPHONEOS_DEPLOYMENT_TARGET = 10.0;
				MTL_ENABLE_DEBUG_INFO = NO;
				MTL_FAST_MATH = YES;
				SDKROOT = iphoneos;
				SWIFT_COMPILATION_MODE = wholemodule;
				SWIFT_OPTIMIZATION_LEVEL = "-O";
				VALIDATE_PRODUCT = YES;
			};
			name = Release;
		};
		8BFAD391285C4BB9005FCC06 /* Debug */ = {
			isa = XCBuildConfiguration;
			baseConfigurationReference = 8B20C9F52868337500E3729C /* Secret.xcconfig */;
			buildSettings = {
				ASSETCATALOG_COMPILER_APPICON_NAME = AppIcon;
				ASSETCATALOG_COMPILER_GLOBAL_ACCENT_COLOR_NAME = AccentColor;
				CODE_SIGN_IDENTITY = "Apple Development";
				CODE_SIGN_STYLE = Automatic;
				CURRENT_PROJECT_VERSION = 1;
				DEVELOPMENT_TEAM = 7CDV98U255;
				INFOPLIST_FILE = "Survey-Nimble/Resources/Info.plist";
				IPHONEOS_DEPLOYMENT_TARGET = 10.0;
				LD_RUNPATH_SEARCH_PATHS = (
					"$(inherited)",
					"@executable_path/Frameworks",
				);
				MARKETING_VERSION = 1.0;
				PRODUCT_BUNDLE_IDENTIFIER = "com.khanhnguyen.Survey-Nimble";
				PRODUCT_NAME = "$(TARGET_NAME)";
				PROVISIONING_PROFILE_SPECIFIER = "";
				SWIFT_VERSION = 5.0;
				TARGETED_DEVICE_FAMILY = 1;
			};
			name = Debug;
		};
		8BFAD392285C4BB9005FCC06 /* Release */ = {
			isa = XCBuildConfiguration;
			baseConfigurationReference = 6157986F9FCED7F620779530 /* Pods-Survey-Nimble.release.xcconfig */;
			buildSettings = {
				ASSETCATALOG_COMPILER_APPICON_NAME = AppIcon;
				ASSETCATALOG_COMPILER_GLOBAL_ACCENT_COLOR_NAME = AccentColor;
				CODE_SIGN_IDENTITY = "Apple Development";
				CODE_SIGN_STYLE = Automatic;
				CURRENT_PROJECT_VERSION = 1;
				DEVELOPMENT_TEAM = 7CDV98U255;
				INFOPLIST_FILE = "Survey-Nimble/Resources/Info.plist";
				IPHONEOS_DEPLOYMENT_TARGET = 10.0;
				LD_RUNPATH_SEARCH_PATHS = (
					"$(inherited)",
					"@executable_path/Frameworks",
				);
				MARKETING_VERSION = 1.0;
				PRODUCT_BUNDLE_IDENTIFIER = "com.khanhnguyen.Survey-Nimble";
				PRODUCT_NAME = "$(TARGET_NAME)";
				PROVISIONING_PROFILE_SPECIFIER = "";
				SWIFT_VERSION = 5.0;
				TARGETED_DEVICE_FAMILY = 1;
			};
			name = Release;
		};
		8BFAD394285C4BB9005FCC06 /* Debug */ = {
			isa = XCBuildConfiguration;
			baseConfigurationReference = B826CB9A99498FBBE296675A /* Pods-Survey-NimbleTests.debug.xcconfig */;
			buildSettings = {
				ALWAYS_EMBED_SWIFT_STANDARD_LIBRARIES = YES;
				BUNDLE_LOADER = "$(TEST_HOST)";
				CODE_SIGN_STYLE = Automatic;
				INFOPLIST_FILE = "Survey-NimbleTests/Info.plist";
				IPHONEOS_DEPLOYMENT_TARGET = 14.5;
				LD_RUNPATH_SEARCH_PATHS = (
					"$(inherited)",
					"@executable_path/Frameworks",
					"@loader_path/Frameworks",
				);
				PRODUCT_BUNDLE_IDENTIFIER = "khanhnguyen.Survey-NimbleTests";
				PRODUCT_NAME = "$(TARGET_NAME)";
				SWIFT_VERSION = 5.0;
				TARGETED_DEVICE_FAMILY = "1,2";
				TEST_HOST = "$(BUILT_PRODUCTS_DIR)/Survey-Nimble.app/Survey-Nimble";
			};
			name = Debug;
		};
		8BFAD395285C4BB9005FCC06 /* Release */ = {
			isa = XCBuildConfiguration;
			baseConfigurationReference = 5A8FC67F2B5561A1F6B9B938 /* Pods-Survey-NimbleTests.release.xcconfig */;
			buildSettings = {
				ALWAYS_EMBED_SWIFT_STANDARD_LIBRARIES = YES;
				BUNDLE_LOADER = "$(TEST_HOST)";
				CODE_SIGN_STYLE = Automatic;
				INFOPLIST_FILE = "Survey-NimbleTests/Info.plist";
				IPHONEOS_DEPLOYMENT_TARGET = 14.5;
				LD_RUNPATH_SEARCH_PATHS = (
					"$(inherited)",
					"@executable_path/Frameworks",
					"@loader_path/Frameworks",
				);
				PRODUCT_BUNDLE_IDENTIFIER = "khanhnguyen.Survey-NimbleTests";
				PRODUCT_NAME = "$(TARGET_NAME)";
				SWIFT_VERSION = 5.0;
				TARGETED_DEVICE_FAMILY = "1,2";
				TEST_HOST = "$(BUILT_PRODUCTS_DIR)/Survey-Nimble.app/Survey-Nimble";
			};
			name = Release;
		};
/* End XCBuildConfiguration section */

/* Begin XCConfigurationList section */
		8BFAD361285C4BB6005FCC06 /* Build configuration list for PBXProject "Survey-Nimble" */ = {
			isa = XCConfigurationList;
			buildConfigurations = (
				8BFAD38E285C4BB9005FCC06 /* Debug */,
				8B67D378285D2BEE006B7AB0 /* Debug STG */,
				8BFAD38F285C4BB9005FCC06 /* Release */,
				8B67D37C285D2BF9006B7AB0 /* Release STG */,
			);
			defaultConfigurationIsVisible = 0;
			defaultConfigurationName = Release;
		};
		8BFAD390285C4BB9005FCC06 /* Build configuration list for PBXNativeTarget "Survey-Nimble" */ = {
			isa = XCConfigurationList;
			buildConfigurations = (
				8BFAD391285C4BB9005FCC06 /* Debug */,
				8B67D379285D2BEE006B7AB0 /* Debug STG */,
				8BFAD392285C4BB9005FCC06 /* Release */,
				8B67D37D285D2BF9006B7AB0 /* Release STG */,
			);
			defaultConfigurationIsVisible = 0;
			defaultConfigurationName = Release;
		};
		8BFAD393285C4BB9005FCC06 /* Build configuration list for PBXNativeTarget "Survey-NimbleTests" */ = {
			isa = XCConfigurationList;
			buildConfigurations = (
				8BFAD394285C4BB9005FCC06 /* Debug */,
				8B67D37A285D2BEE006B7AB0 /* Debug STG */,
				8BFAD395285C4BB9005FCC06 /* Release */,
				8B67D37E285D2BF9006B7AB0 /* Release STG */,
			);
			defaultConfigurationIsVisible = 0;
			defaultConfigurationName = Release;
		};
/* End XCConfigurationList section */
	};
	rootObject = 8BFAD35E285C4BB6005FCC06 /* Project object */;
}
